// !$*UTF8*$!
{
	archiveVersion = 1;
	classes = {
	};
	objectVersion = 50;
	objects = {

/* Begin PBXBuildFile section */
		B08463D3A5985266D503C694 /* Pods_AZRPv2.framework in Frameworks */ = {isa = PBXBuildFile; fileRef = 3DD55A997F49E6AC32222002 /* Pods_AZRPv2.framework */; };
		B5313A7621CBF6310059DC66 /* Coordinator.swift in Sources */ = {isa = PBXBuildFile; fileRef = B5313A7421CBF6310059DC66 /* Coordinator.swift */; };
		B5313A7721CBF6310059DC66 /* CoordinatorDelegate.swift in Sources */ = {isa = PBXBuildFile; fileRef = B5313A7521CBF6310059DC66 /* CoordinatorDelegate.swift */; };
		B5313A7B21CBF6440059DC66 /* UIView+Extensions.swift in Sources */ = {isa = PBXBuildFile; fileRef = B5313A7921CBF6440059DC66 /* UIView+Extensions.swift */; };
		B5313A7C21CBF6440059DC66 /* String+Extensions.swift in Sources */ = {isa = PBXBuildFile; fileRef = B5313A7A21CBF6440059DC66 /* String+Extensions.swift */; };
		B549B74021CBF2BF00629B2E /* AppDelegate.swift in Sources */ = {isa = PBXBuildFile; fileRef = B549B73F21CBF2BF00629B2E /* AppDelegate.swift */; };
		B549B74821CBF2BF00629B2E /* AZRPv2.xcdatamodeld in Sources */ = {isa = PBXBuildFile; fileRef = B549B74621CBF2BF00629B2E /* AZRPv2.xcdatamodeld */; };
		B549B74A21CBF2C000629B2E /* Assets.xcassets in Resources */ = {isa = PBXBuildFile; fileRef = B549B74921CBF2C000629B2E /* Assets.xcassets */; };
		B549B74D21CBF2C000629B2E /* LaunchScreen.storyboard in Resources */ = {isa = PBXBuildFile; fileRef = B549B74B21CBF2C000629B2E /* LaunchScreen.storyboard */; };
		B549B75621CBF3F500629B2E /* SerializationManager.swift in Sources */ = {isa = PBXBuildFile; fileRef = B549B75521CBF3F400629B2E /* SerializationManager.swift */; };
		B549B75D21CBF41800629B2E /* RestEndpoints.swift in Sources */ = {isa = PBXBuildFile; fileRef = B549B75921CBF41800629B2E /* RestEndpoints.swift */; };
		B549B75E21CBF41800629B2E /* BaseRepositoryProtocol.swift in Sources */ = {isa = PBXBuildFile; fileRef = B549B75A21CBF41800629B2E /* BaseRepositoryProtocol.swift */; };
		B549B75F21CBF41800629B2E /* RestManager.swift in Sources */ = {isa = PBXBuildFile; fileRef = B549B75B21CBF41800629B2E /* RestManager.swift */; };
		B549B76021CBF41800629B2E /* NetworkError.swift in Sources */ = {isa = PBXBuildFile; fileRef = B549B75C21CBF41800629B2E /* NetworkError.swift */; };
		B549B76821CBF41F00629B2E /* HomeViewModel.swift in Sources */ = {isa = PBXBuildFile; fileRef = B549B76321CBF41F00629B2E /* HomeViewModel.swift */; };
		B549B76921CBF41F00629B2E /* HomeViewController.swift in Sources */ = {isa = PBXBuildFile; fileRef = B549B76521CBF41F00629B2E /* HomeViewController.swift */; };
		B549B76A21CBF41F00629B2E /* HomeCoordinator.swift in Sources */ = {isa = PBXBuildFile; fileRef = B549B76721CBF41F00629B2E /* HomeCoordinator.swift */; };
		B549B77521CBF42A00629B2E /* Style+Extensions.swift in Sources */ = {isa = PBXBuildFile; fileRef = B549B76F21CBF42A00629B2E /* Style+Extensions.swift */; };
		B549B77621CBF42A00629B2E /* Theme.swift in Sources */ = {isa = PBXBuildFile; fileRef = B549B77021CBF42A00629B2E /* Theme.swift */; };
		B549B77721CBF42A00629B2E /* Localizable.strings in Resources */ = {isa = PBXBuildFile; fileRef = B549B77221CBF42A00629B2E /* Localizable.strings */; };
		B549B77921CBF48400629B2E /* AppCoordinator.swift in Sources */ = {isa = PBXBuildFile; fileRef = B549B77821CBF48400629B2E /* AppCoordinator.swift */; };
/* End PBXBuildFile section */

/* Begin PBXFileReference section */
		057C08913D65E196BF09C2AF /* Pods-AZRPv2.release.xcconfig */ = {isa = PBXFileReference; includeInIndex = 1; lastKnownFileType = text.xcconfig; name = "Pods-AZRPv2.release.xcconfig"; path = "Pods/Target Support Files/Pods-AZRPv2/Pods-AZRPv2.release.xcconfig"; sourceTree = "<group>"; };
		3DD55A997F49E6AC32222002 /* Pods_AZRPv2.framework */ = {isa = PBXFileReference; explicitFileType = wrapper.framework; includeInIndex = 0; path = Pods_AZRPv2.framework; sourceTree = BUILT_PRODUCTS_DIR; };
		70CA1865C5D0A93DD8C1F926 /* Pods-AZRPv2.debug.xcconfig */ = {isa = PBXFileReference; includeInIndex = 1; lastKnownFileType = text.xcconfig; name = "Pods-AZRPv2.debug.xcconfig"; path = "Pods/Target Support Files/Pods-AZRPv2/Pods-AZRPv2.debug.xcconfig"; sourceTree = "<group>"; };
		B5313A7421CBF6310059DC66 /* Coordinator.swift */ = {isa = PBXFileReference; fileEncoding = 4; lastKnownFileType = sourcecode.swift; path = Coordinator.swift; sourceTree = "<group>"; };
		B5313A7521CBF6310059DC66 /* CoordinatorDelegate.swift */ = {isa = PBXFileReference; fileEncoding = 4; lastKnownFileType = sourcecode.swift; path = CoordinatorDelegate.swift; sourceTree = "<group>"; };
		B5313A7921CBF6440059DC66 /* UIView+Extensions.swift */ = {isa = PBXFileReference; fileEncoding = 4; lastKnownFileType = sourcecode.swift; path = "UIView+Extensions.swift"; sourceTree = "<group>"; };
		B5313A7A21CBF6440059DC66 /* String+Extensions.swift */ = {isa = PBXFileReference; fileEncoding = 4; lastKnownFileType = sourcecode.swift; path = "String+Extensions.swift"; sourceTree = "<group>"; };
		B549B73C21CBF2BF00629B2E /* AZRPv2.app */ = {isa = PBXFileReference; explicitFileType = wrapper.application; includeInIndex = 0; path = AZRPv2.app; sourceTree = BUILT_PRODUCTS_DIR; };
		B549B73F21CBF2BF00629B2E /* AppDelegate.swift */ = {isa = PBXFileReference; lastKnownFileType = sourcecode.swift; path = AppDelegate.swift; sourceTree = "<group>"; };
		B549B74721CBF2BF00629B2E /* AZRPv2.xcdatamodel */ = {isa = PBXFileReference; lastKnownFileType = wrapper.xcdatamodel; path = AZRPv2.xcdatamodel; sourceTree = "<group>"; };
		B549B74921CBF2C000629B2E /* Assets.xcassets */ = {isa = PBXFileReference; lastKnownFileType = folder.assetcatalog; path = Assets.xcassets; sourceTree = "<group>"; };
		B549B74C21CBF2C000629B2E /* Base */ = {isa = PBXFileReference; lastKnownFileType = file.storyboard; name = Base; path = Base.lproj/LaunchScreen.storyboard; sourceTree = "<group>"; };
		B549B74E21CBF2C000629B2E /* Info.plist */ = {isa = PBXFileReference; lastKnownFileType = text.plist.xml; path = Info.plist; sourceTree = "<group>"; };
		B549B75521CBF3F400629B2E /* SerializationManager.swift */ = {isa = PBXFileReference; fileEncoding = 4; lastKnownFileType = sourcecode.swift; path = SerializationManager.swift; sourceTree = "<group>"; };
		B549B75921CBF41800629B2E /* RestEndpoints.swift */ = {isa = PBXFileReference; fileEncoding = 4; lastKnownFileType = sourcecode.swift; path = RestEndpoints.swift; sourceTree = "<group>"; };
		B549B75A21CBF41800629B2E /* BaseRepositoryProtocol.swift */ = {isa = PBXFileReference; fileEncoding = 4; lastKnownFileType = sourcecode.swift; path = BaseRepositoryProtocol.swift; sourceTree = "<group>"; };
		B549B75B21CBF41800629B2E /* RestManager.swift */ = {isa = PBXFileReference; fileEncoding = 4; lastKnownFileType = sourcecode.swift; path = RestManager.swift; sourceTree = "<group>"; };
		B549B75C21CBF41800629B2E /* NetworkError.swift */ = {isa = PBXFileReference; fileEncoding = 4; lastKnownFileType = sourcecode.swift; path = NetworkError.swift; sourceTree = "<group>"; };
		B549B76321CBF41F00629B2E /* HomeViewModel.swift */ = {isa = PBXFileReference; fileEncoding = 4; lastKnownFileType = sourcecode.swift; path = HomeViewModel.swift; sourceTree = "<group>"; };
		B549B76521CBF41F00629B2E /* HomeViewController.swift */ = {isa = PBXFileReference; fileEncoding = 4; lastKnownFileType = sourcecode.swift; path = HomeViewController.swift; sourceTree = "<group>"; };
		B549B76721CBF41F00629B2E /* HomeCoordinator.swift */ = {isa = PBXFileReference; fileEncoding = 4; lastKnownFileType = sourcecode.swift; path = HomeCoordinator.swift; sourceTree = "<group>"; };
		B549B76F21CBF42A00629B2E /* Style+Extensions.swift */ = {isa = PBXFileReference; fileEncoding = 4; lastKnownFileType = sourcecode.swift; path = "Style+Extensions.swift"; sourceTree = "<group>"; };
		B549B77021CBF42A00629B2E /* Theme.swift */ = {isa = PBXFileReference; fileEncoding = 4; lastKnownFileType = sourcecode.swift; path = Theme.swift; sourceTree = "<group>"; };
		B549B77321CBF42A00629B2E /* en */ = {isa = PBXFileReference; lastKnownFileType = text.plist.strings; name = en; path = en.lproj/Localizable.strings; sourceTree = "<group>"; };
		B549B77821CBF48400629B2E /* AppCoordinator.swift */ = {isa = PBXFileReference; fileEncoding = 4; lastKnownFileType = sourcecode.swift; path = AppCoordinator.swift; sourceTree = "<group>"; };
/* End PBXFileReference section */

/* Begin PBXFrameworksBuildPhase section */
		B549B73921CBF2BF00629B2E /* Frameworks */ = {
			isa = PBXFrameworksBuildPhase;
			buildActionMask = 2147483647;
			files = (
				B08463D3A5985266D503C694 /* Pods_AZRPv2.framework in Frameworks */,
			);
			runOnlyForDeploymentPostprocessing = 0;
		};
/* End PBXFrameworksBuildPhase section */

/* Begin PBXGroup section */
		AE2219D8BDFF96E29D4DD738 /* Frameworks */ = {
			isa = PBXGroup;
			children = (
				3DD55A997F49E6AC32222002 /* Pods_AZRPv2.framework */,
			);
			name = Frameworks;
			sourceTree = "<group>";
		};
		B5313A7321CBF60C0059DC66 /* Coordinator */ = {
			isa = PBXGroup;
			children = (
				B5313A7421CBF6310059DC66 /* Coordinator.swift */,
				B5313A7521CBF6310059DC66 /* CoordinatorDelegate.swift */,
			);
			path = Coordinator;
			sourceTree = "<group>";
		};
		B5313A7821CBF6440059DC66 /* Extensions */ = {
			isa = PBXGroup;
			children = (
				B5313A7921CBF6440059DC66 /* UIView+Extensions.swift */,
				B5313A7A21CBF6440059DC66 /* String+Extensions.swift */,
			);
			path = Extensions;
			sourceTree = "<group>";
		};
		B549B73321CBF2BE00629B2E = {
			isa = PBXGroup;
			children = (
				B549B73E21CBF2BF00629B2E /* AZRPv2 */,
				B549B73D21CBF2BF00629B2E /* Products */,
				B63576D7816A41B71314F85A /* Pods */,
				AE2219D8BDFF96E29D4DD738 /* Frameworks */,
			);
			sourceTree = "<group>";
		};
		B549B73D21CBF2BF00629B2E /* Products */ = {
			isa = PBXGroup;
			children = (
				B549B73C21CBF2BF00629B2E /* AZRPv2.app */,
			);
			name = Products;
			sourceTree = "<group>";
		};
		B549B73E21CBF2BF00629B2E /* AZRPv2 */ = {
			isa = PBXGroup;
			children = (
				B549B76B21CBF42A00629B2E /* Assets */,
				B549B76121CBF41F00629B2E /* Home */,
				B549B75721CBF41800629B2E /* Models */,
				B549B75421CBF3F400629B2E /* Utils */,
				B549B73F21CBF2BF00629B2E /* AppDelegate.swift */,
				B549B77821CBF48400629B2E /* AppCoordinator.swift */,
				B549B74921CBF2C000629B2E /* Assets.xcassets */,
				B549B74E21CBF2C000629B2E /* Info.plist */,
				B549B74621CBF2BF00629B2E /* AZRPv2.xcdatamodeld */,
			);
			path = AZRPv2;
			sourceTree = "<group>";
		};
		B549B75421CBF3F400629B2E /* Utils */ = {
			isa = PBXGroup;
			children = (
				B549B75521CBF3F400629B2E /* SerializationManager.swift */,
			);
			path = Utils;
			sourceTree = "<group>";
		};
		B549B75721CBF41800629B2E /* Models */ = {
			isa = PBXGroup;
			children = (
				B5313A7321CBF60C0059DC66 /* Coordinator */,
				B549B75821CBF41800629B2E /* Base */,
			);
			path = Models;
			sourceTree = "<group>";
		};
		B549B75821CBF41800629B2E /* Base */ = {
			isa = PBXGroup;
			children = (
				B5313A7821CBF6440059DC66 /* Extensions */,
				B549B75921CBF41800629B2E /* RestEndpoints.swift */,
				B549B75A21CBF41800629B2E /* BaseRepositoryProtocol.swift */,
				B549B75B21CBF41800629B2E /* RestManager.swift */,
				B549B75C21CBF41800629B2E /* NetworkError.swift */,
			);
			path = Base;
			sourceTree = "<group>";
		};
		B549B76121CBF41F00629B2E /* Home */ = {
			isa = PBXGroup;
			children = (
				B549B76221CBF41F00629B2E /* ViewModel */,
				B549B76421CBF41F00629B2E /* UI */,
				B549B76621CBF41F00629B2E /* Coordinator */,
			);
			path = Home;
			sourceTree = "<group>";
		};
		B549B76221CBF41F00629B2E /* ViewModel */ = {
			isa = PBXGroup;
			children = (
				B549B76321CBF41F00629B2E /* HomeViewModel.swift */,
			);
			path = ViewModel;
			sourceTree = "<group>";
		};
		B549B76421CBF41F00629B2E /* UI */ = {
			isa = PBXGroup;
			children = (
				B549B76521CBF41F00629B2E /* HomeViewController.swift */,
			);
			path = UI;
			sourceTree = "<group>";
		};
		B549B76621CBF41F00629B2E /* Coordinator */ = {
			isa = PBXGroup;
			children = (
				B549B76721CBF41F00629B2E /* HomeCoordinator.swift */,
			);
			path = Coordinator;
			sourceTree = "<group>";
		};
		B549B76B21CBF42A00629B2E /* Assets */ = {
			isa = PBXGroup;
			children = (
				B549B76C21CBF42A00629B2E /* StoryBoards */,
				B549B76F21CBF42A00629B2E /* Style+Extensions.swift */,
				B549B77021CBF42A00629B2E /* Theme.swift */,
				B549B77121CBF42A00629B2E /* Localizable */,
			);
			path = Assets;
			sourceTree = "<group>";
		};
		B549B76C21CBF42A00629B2E /* StoryBoards */ = {
			isa = PBXGroup;
			children = (
				B549B74B21CBF2C000629B2E /* LaunchScreen.storyboard */,
			);
			path = StoryBoards;
			sourceTree = "<group>";
		};
		B549B77121CBF42A00629B2E /* Localizable */ = {
			isa = PBXGroup;
			children = (
				B549B77221CBF42A00629B2E /* Localizable.strings */,
			);
			path = Localizable;
			sourceTree = "<group>";
		};
		B63576D7816A41B71314F85A /* Pods */ = {
			isa = PBXGroup;
			children = (
				70CA1865C5D0A93DD8C1F926 /* Pods-AZRPv2.debug.xcconfig */,
				057C08913D65E196BF09C2AF /* Pods-AZRPv2.release.xcconfig */,
			);
			name = Pods;
			sourceTree = "<group>";
		};
/* End PBXGroup section */

/* Begin PBXNativeTarget section */
		B549B73B21CBF2BF00629B2E /* AZRPv2 */ = {
			isa = PBXNativeTarget;
			buildConfigurationList = B549B75121CBF2C000629B2E /* Build configuration list for PBXNativeTarget "AZRPv2" */;
			buildPhases = (
				07573B3271403623FE8909BB /* [CP] Check Pods Manifest.lock */,
				B549B73821CBF2BF00629B2E /* Sources */,
				B549B73921CBF2BF00629B2E /* Frameworks */,
				B549B73A21CBF2BF00629B2E /* Resources */,
				CA536960F506EF6C7BFC50B8 /* [CP] Embed Pods Frameworks */,
			);
			buildRules = (
			);
			dependencies = (
			);
			name = AZRPv2;
			productName = AZRPv2;
			productReference = B549B73C21CBF2BF00629B2E /* AZRPv2.app */;
			productType = "com.apple.product-type.application";
		};
/* End PBXNativeTarget section */

/* Begin PBXProject section */
		B549B73421CBF2BE00629B2E /* Project object */ = {
			isa = PBXProject;
			attributes = {
				LastSwiftUpdateCheck = 1010;
				LastUpgradeCheck = 1010;
				ORGANIZATIONNAME = "Mateo Doslic";
				TargetAttributes = {
					B549B73B21CBF2BF00629B2E = {
						CreatedOnToolsVersion = 10.1;
					};
				};
			};
			buildConfigurationList = B549B73721CBF2BE00629B2E /* Build configuration list for PBXProject "AZRPv2" */;
			compatibilityVersion = "Xcode 9.3";
			developmentRegion = en;
			hasScannedForEncodings = 0;
			knownRegions = (
				en,
				Base,
			);
			mainGroup = B549B73321CBF2BE00629B2E;
			productRefGroup = B549B73D21CBF2BF00629B2E /* Products */;
			projectDirPath = "";
			projectRoot = "";
			targets = (
				B549B73B21CBF2BF00629B2E /* AZRPv2 */,
			);
		};
/* End PBXProject section */

/* Begin PBXResourcesBuildPhase section */
		B549B73A21CBF2BF00629B2E /* Resources */ = {
			isa = PBXResourcesBuildPhase;
			buildActionMask = 2147483647;
			files = (
				B549B77721CBF42A00629B2E /* Localizable.strings in Resources */,
				B549B74D21CBF2C000629B2E /* LaunchScreen.storyboard in Resources */,
				B549B74A21CBF2C000629B2E /* Assets.xcassets in Resources */,
			);
			runOnlyForDeploymentPostprocessing = 0;
		};
/* End PBXResourcesBuildPhase section */

/* Begin PBXShellScriptBuildPhase section */
		07573B3271403623FE8909BB /* [CP] Check Pods Manifest.lock */ = {
			isa = PBXShellScriptBuildPhase;
			buildActionMask = 2147483647;
			files = (
			);
			inputPaths = (
				"${PODS_PODFILE_DIR_PATH}/Podfile.lock",
				"${PODS_ROOT}/Manifest.lock",
			);
			name = "[CP] Check Pods Manifest.lock";
			outputPaths = (
				"$(DERIVED_FILE_DIR)/Pods-AZRPv2-checkManifestLockResult.txt",
			);
			runOnlyForDeploymentPostprocessing = 0;
			shellPath = /bin/sh;
			shellScript = "diff \"${PODS_PODFILE_DIR_PATH}/Podfile.lock\" \"${PODS_ROOT}/Manifest.lock\" > /dev/null\nif [ $? != 0 ] ; then\n    # print error to STDERR\n    echo \"error: The sandbox is not in sync with the Podfile.lock. Run 'pod install' or update your CocoaPods installation.\" >&2\n    exit 1\nfi\n# This output is used by Xcode 'outputs' to avoid re-running this script phase.\necho \"SUCCESS\" > \"${SCRIPT_OUTPUT_FILE_0}\"\n";
			showEnvVarsInLog = 0;
		};
		CA536960F506EF6C7BFC50B8 /* [CP] Embed Pods Frameworks */ = {
			isa = PBXShellScriptBuildPhase;
			buildActionMask = 2147483647;
			files = (
			);
			inputPaths = (
				"${SRCROOT}/Pods/Target Support Files/Pods-AZRPv2/Pods-AZRPv2-frameworks.sh",
				"${BUILT_PRODUCTS_DIR}/Alamofire/Alamofire.framework",
				"${BUILT_PRODUCTS_DIR}/BlocksKit/BlocksKit.framework",
				"${BUILT_PRODUCTS_DIR}/Emitter/Emitter.framework",
				"${BUILT_PRODUCTS_DIR}/Kingfisher/Kingfisher.framework",
				"${BUILT_PRODUCTS_DIR}/RxAlamofire/RxAlamofire.framework",
				"${BUILT_PRODUCTS_DIR}/RxAtomic/RxAtomic.framework",
				"${BUILT_PRODUCTS_DIR}/RxCocoa/RxCocoa.framework",
				"${BUILT_PRODUCTS_DIR}/RxSwift/RxSwift.framework",
				"${BUILT_PRODUCTS_DIR}/Socket.IO-Client-Swift/SocketIO.framework",
				"${BUILT_PRODUCTS_DIR}/SocketIO/SocketIO.framework",
				"${BUILT_PRODUCTS_DIR}/Starscream/Starscream.framework",
			);
			name = "[CP] Embed Pods Frameworks";
			outputPaths = (
				"${TARGET_BUILD_DIR}/${FRAMEWORKS_FOLDER_PATH}/Alamofire.framework",
				"${TARGET_BUILD_DIR}/${FRAMEWORKS_FOLDER_PATH}/BlocksKit.framework",
				"${TARGET_BUILD_DIR}/${FRAMEWORKS_FOLDER_PATH}/Emitter.framework",
				"${TARGET_BUILD_DIR}/${FRAMEWORKS_FOLDER_PATH}/Kingfisher.framework",
				"${TARGET_BUILD_DIR}/${FRAMEWORKS_FOLDER_PATH}/RxAlamofire.framework",
				"${TARGET_BUILD_DIR}/${FRAMEWORKS_FOLDER_PATH}/RxAtomic.framework",
				"${TARGET_BUILD_DIR}/${FRAMEWORKS_FOLDER_PATH}/RxCocoa.framework",
				"${TARGET_BUILD_DIR}/${FRAMEWORKS_FOLDER_PATH}/RxSwift.framework",
				"${TARGET_BUILD_DIR}/${FRAMEWORKS_FOLDER_PATH}/SocketIO.framework",
				"${TARGET_BUILD_DIR}/${FRAMEWORKS_FOLDER_PATH}/Starscream.framework",
			);
			runOnlyForDeploymentPostprocessing = 0;
			shellPath = /bin/sh;
			shellScript = "\"${SRCROOT}/Pods/Target Support Files/Pods-AZRPv2/Pods-AZRPv2-frameworks.sh\"\n";
			showEnvVarsInLog = 0;
		};
/* End PBXShellScriptBuildPhase section */

/* Begin PBXSourcesBuildPhase section */
		B549B73821CBF2BF00629B2E /* Sources */ = {
			isa = PBXSourcesBuildPhase;
			buildActionMask = 2147483647;
			files = (
				B549B74821CBF2BF00629B2E /* AZRPv2.xcdatamodeld in Sources */,
				B549B76821CBF41F00629B2E /* HomeViewModel.swift in Sources */,
				B5313A7621CBF6310059DC66 /* Coordinator.swift in Sources */,
				B5313A7721CBF6310059DC66 /* CoordinatorDelegate.swift in Sources */,
				B5313A7C21CBF6440059DC66 /* String+Extensions.swift in Sources */,
				B549B76021CBF41800629B2E /* NetworkError.swift in Sources */,
				B549B75D21CBF41800629B2E /* RestEndpoints.swift in Sources */,
				B5313A7B21CBF6440059DC66 /* UIView+Extensions.swift in Sources */,
				B549B77621CBF42A00629B2E /* Theme.swift in Sources */,
				B549B77921CBF48400629B2E /* AppCoordinator.swift in Sources */,
				B549B76921CBF41F00629B2E /* HomeViewController.swift in Sources */,
				B549B75F21CBF41800629B2E /* RestManager.swift in Sources */,
				B549B75621CBF3F500629B2E /* SerializationManager.swift in Sources */,
				B549B75E21CBF41800629B2E /* BaseRepositoryProtocol.swift in Sources */,
				B549B77521CBF42A00629B2E /* Style+Extensions.swift in Sources */,
				B549B74021CBF2BF00629B2E /* AppDelegate.swift in Sources */,
				B549B76A21CBF41F00629B2E /* HomeCoordinator.swift in Sources */,
			);
			runOnlyForDeploymentPostprocessing = 0;
		};
/* End PBXSourcesBuildPhase section */

/* Begin PBXVariantGroup section */
		B549B74B21CBF2C000629B2E /* LaunchScreen.storyboard */ = {
			isa = PBXVariantGroup;
			children = (
				B549B74C21CBF2C000629B2E /* Base */,
			);
			name = LaunchScreen.storyboard;
			sourceTree = "<group>";
		};
		B549B77221CBF42A00629B2E /* Localizable.strings */ = {
			isa = PBXVariantGroup;
			children = (
				B549B77321CBF42A00629B2E /* en */,
			);
			name = Localizable.strings;
			sourceTree = "<group>";
		};
/* End PBXVariantGroup section */

/* Begin XCBuildConfiguration section */
		B549B74F21CBF2C000629B2E /* Debug */ = {
			isa = XCBuildConfiguration;
			buildSettings = {
				ALWAYS_SEARCH_USER_PATHS = NO;
				CLANG_ANALYZER_NONNULL = YES;
				CLANG_ANALYZER_NUMBER_OBJECT_CONVERSION = YES_AGGRESSIVE;
				CLANG_CXX_LANGUAGE_STANDARD = "gnu++14";
				CLANG_CXX_LIBRARY = "libc++";
				CLANG_ENABLE_MODULES = YES;
				CLANG_ENABLE_OBJC_ARC = YES;
				CLANG_ENABLE_OBJC_WEAK = YES;
				CLANG_WARN_BLOCK_CAPTURE_AUTORELEASING = YES;
				CLANG_WARN_BOOL_CONVERSION = YES;
				CLANG_WARN_COMMA = YES;
				CLANG_WARN_CONSTANT_CONVERSION = YES;
				CLANG_WARN_DEPRECATED_OBJC_IMPLEMENTATIONS = YES;
				CLANG_WARN_DIRECT_OBJC_ISA_USAGE = YES_ERROR;
				CLANG_WARN_DOCUMENTATION_COMMENTS = YES;
				CLANG_WARN_EMPTY_BODY = YES;
				CLANG_WARN_ENUM_CONVERSION = YES;
				CLANG_WARN_INFINITE_RECURSION = YES;
				CLANG_WARN_INT_CONVERSION = YES;
				CLANG_WARN_NON_LITERAL_NULL_CONVERSION = YES;
				CLANG_WARN_OBJC_IMPLICIT_RETAIN_SELF = YES;
				CLANG_WARN_OBJC_LITERAL_CONVERSION = YES;
				CLANG_WARN_OBJC_ROOT_CLASS = YES_ERROR;
				CLANG_WARN_RANGE_LOOP_ANALYSIS = YES;
				CLANG_WARN_STRICT_PROTOTYPES = YES;
				CLANG_WARN_SUSPICIOUS_MOVE = YES;
				CLANG_WARN_UNGUARDED_AVAILABILITY = YES_AGGRESSIVE;
				CLANG_WARN_UNREACHABLE_CODE = YES;
				CLANG_WARN__DUPLICATE_METHOD_MATCH = YES;
				CODE_SIGN_IDENTITY = "iPhone Developer";
				COPY_PHASE_STRIP = NO;
				DEBUG_INFORMATION_FORMAT = dwarf;
				ENABLE_STRICT_OBJC_MSGSEND = YES;
				ENABLE_TESTABILITY = YES;
				GCC_C_LANGUAGE_STANDARD = gnu11;
				GCC_DYNAMIC_NO_PIC = NO;
				GCC_NO_COMMON_BLOCKS = YES;
				GCC_OPTIMIZATION_LEVEL = 0;
				GCC_PREPROCESSOR_DEFINITIONS = (
					"DEBUG=1",
					"$(inherited)",
				);
				GCC_WARN_64_TO_32_BIT_CONVERSION = YES;
				GCC_WARN_ABOUT_RETURN_TYPE = YES_ERROR;
				GCC_WARN_UNDECLARED_SELECTOR = YES;
				GCC_WARN_UNINITIALIZED_AUTOS = YES_AGGRESSIVE;
				GCC_WARN_UNUSED_FUNCTION = YES;
				GCC_WARN_UNUSED_VARIABLE = YES;
				IPHONEOS_DEPLOYMENT_TARGET = 12.1;
				MTL_ENABLE_DEBUG_INFO = INCLUDE_SOURCE;
				MTL_FAST_MATH = YES;
				ONLY_ACTIVE_ARCH = YES;
				SDKROOT = iphoneos;
				SWIFT_ACTIVE_COMPILATION_CONDITIONS = DEBUG;
				SWIFT_OPTIMIZATION_LEVEL = "-Onone";
			};
			name = Debug;
		};
		B549B75021CBF2C000629B2E /* Release */ = {
			isa = XCBuildConfiguration;
			buildSettings = {
				ALWAYS_SEARCH_USER_PATHS = NO;
				CLANG_ANALYZER_NONNULL = YES;
				CLANG_ANALYZER_NUMBER_OBJECT_CONVERSION = YES_AGGRESSIVE;
				CLANG_CXX_LANGUAGE_STANDARD = "gnu++14";
				CLANG_CXX_LIBRARY = "libc++";
				CLANG_ENABLE_MODULES = YES;
				CLANG_ENABLE_OBJC_ARC = YES;
				CLANG_ENABLE_OBJC_WEAK = YES;
				CLANG_WARN_BLOCK_CAPTURE_AUTORELEASING = YES;
				CLANG_WARN_BOOL_CONVERSION = YES;
				CLANG_WARN_COMMA = YES;
				CLANG_WARN_CONSTANT_CONVERSION = YES;
				CLANG_WARN_DEPRECATED_OBJC_IMPLEMENTATIONS = YES;
				CLANG_WARN_DIRECT_OBJC_ISA_USAGE = YES_ERROR;
				CLANG_WARN_DOCUMENTATION_COMMENTS = YES;
				CLANG_WARN_EMPTY_BODY = YES;
				CLANG_WARN_ENUM_CONVERSION = YES;
				CLANG_WARN_INFINITE_RECURSION = YES;
				CLANG_WARN_INT_CONVERSION = YES;
				CLANG_WARN_NON_LITERAL_NULL_CONVERSION = YES;
				CLANG_WARN_OBJC_IMPLICIT_RETAIN_SELF = YES;
				CLANG_WARN_OBJC_LITERAL_CONVERSION = YES;
				CLANG_WARN_OBJC_ROOT_CLASS = YES_ERROR;
				CLANG_WARN_RANGE_LOOP_ANALYSIS = YES;
				CLANG_WARN_STRICT_PROTOTYPES = YES;
				CLANG_WARN_SUSPICIOUS_MOVE = YES;
				CLANG_WARN_UNGUARDED_AVAILABILITY = YES_AGGRESSIVE;
				CLANG_WARN_UNREACHABLE_CODE = YES;
				CLANG_WARN__DUPLICATE_METHOD_MATCH = YES;
				CODE_SIGN_IDENTITY = "iPhone Developer";
				COPY_PHASE_STRIP = NO;
				DEBUG_INFORMATION_FORMAT = "dwarf-with-dsym";
				ENABLE_NS_ASSERTIONS = NO;
				ENABLE_STRICT_OBJC_MSGSEND = YES;
				GCC_C_LANGUAGE_STANDARD = gnu11;
				GCC_NO_COMMON_BLOCKS = YES;
				GCC_WARN_64_TO_32_BIT_CONVERSION = YES;
				GCC_WARN_ABOUT_RETURN_TYPE = YES_ERROR;
				GCC_WARN_UNDECLARED_SELECTOR = YES;
				GCC_WARN_UNINITIALIZED_AUTOS = YES_AGGRESSIVE;
				GCC_WARN_UNUSED_FUNCTION = YES;
				GCC_WARN_UNUSED_VARIABLE = YES;
				IPHONEOS_DEPLOYMENT_TARGET = 12.1;
				MTL_ENABLE_DEBUG_INFO = NO;
				MTL_FAST_MATH = YES;
				SDKROOT = iphoneos;
				SWIFT_COMPILATION_MODE = wholemodule;
				SWIFT_OPTIMIZATION_LEVEL = "-O";
				VALIDATE_PRODUCT = YES;
			};
			name = Release;
		};
		B549B75221CBF2C000629B2E /* Debug */ = {
			isa = XCBuildConfiguration;
			baseConfigurationReference = 70CA1865C5D0A93DD8C1F926 /* Pods-AZRPv2.debug.xcconfig */;
			buildSettings = {
				ASSETCATALOG_COMPILER_APPICON_NAME = AppIcon;
				CODE_SIGN_STYLE = Automatic;
				DEVELOPMENT_TEAM = Z29U9TK6XW;
				INFOPLIST_FILE = AZRPv2/Info.plist;
				IPHONEOS_DEPLOYMENT_TARGET = 11.0;
				LD_RUNPATH_SEARCH_PATHS = (
					"$(inherited)",
					"@executable_path/Frameworks",
				);
				PRODUCT_BUNDLE_IDENTIFIER = i.AZRPv2;
				PRODUCT_NAME = "$(TARGET_NAME)";
				SWIFT_VERSION = 4.2;
				TARGETED_DEVICE_FAMILY = "1,2";
			};
			name = Debug;
		};
		B549B75321CBF2C000629B2E /* Release */ = {
			isa = XCBuildConfiguration;
			baseConfigurationReference = 057C08913D65E196BF09C2AF /* Pods-AZRPv2.release.xcconfig */;
			buildSettings = {
				ASSETCATALOG_COMPILER_APPICON_NAME = AppIcon;
				CODE_SIGN_STYLE = Automatic;
				DEVELOPMENT_TEAM = Z29U9TK6XW;
				INFOPLIST_FILE = AZRPv2/Info.plist;
				IPHONEOS_DEPLOYMENT_TARGET = 11.0;
				LD_RUNPATH_SEARCH_PATHS = (
					"$(inherited)",
					"@executable_path/Frameworks",
				);
				PRODUCT_BUNDLE_IDENTIFIER = i.AZRPv2;
				PRODUCT_NAME = "$(TARGET_NAME)";
				SWIFT_VERSION = 4.2;
				TARGETED_DEVICE_FAMILY = "1,2";
			};
			name = Release;
		};
/* End XCBuildConfiguration section */

/* Begin XCConfigurationList section */
		B549B73721CBF2BE00629B2E /* Build configuration list for PBXProject "AZRPv2" */ = {
			isa = XCConfigurationList;
			buildConfigurations = (
				B549B74F21CBF2C000629B2E /* Debug */,
				B549B75021CBF2C000629B2E /* Release */,
			);
			defaultConfigurationIsVisible = 0;
			defaultConfigurationName = Release;
		};
		B549B75121CBF2C000629B2E /* Build configuration list for PBXNativeTarget "AZRPv2" */ = {
			isa = XCConfigurationList;
			buildConfigurations = (
				B549B75221CBF2C000629B2E /* Debug */,
				B549B75321CBF2C000629B2E /* Release */,
			);
			defaultConfigurationIsVisible = 0;
			defaultConfigurationName = Release;
		};
/* End XCConfigurationList section */

/* Begin XCVersionGroup section */
		B549B74621CBF2BF00629B2E /* AZRPv2.xcdatamodeld */ = {
			isa = XCVersionGroup;
			children = (
				B549B74721CBF2BF00629B2E /* AZRPv2.xcdatamodel */,
			);
			currentVersion = B549B74721CBF2BF00629B2E /* AZRPv2.xcdatamodel */;
			path = AZRPv2.xcdatamodeld;
			sourceTree = "<group>";
			versionGroupType = wrapper.xcdatamodel;
		};
/* End XCVersionGroup section */
	};
	rootObject = B549B73421CBF2BE00629B2E /* Project object */;
}
