// !$*UTF8*$!
{
	archiveVersion = 1;
	classes = {
	};
	objectVersion = 50;
	objects = {

/* Begin PBXBuildFile section */
		B08463D3A5985266D503C694 /* Pods_AZRPv2.framework in Frameworks */ = {isa = PBXBuildFile; fileRef = 3DD55A997F49E6AC32222002 /* Pods_AZRPv2.framework */; };
		B510037A21DCE8F70078230E /* WebSocketAdress.swift in Sources */ = {isa = PBXBuildFile; fileRef = B510037921DCE8F70078230E /* WebSocketAdress.swift */; };
		B510037D21DCEC900078230E /* WebSocket.swift in Sources */ = {isa = PBXBuildFile; fileRef = B510037C21DCEC900078230E /* WebSocket.swift */; };
		B51E5E0F21CCDB4F0068B642 /* Users.swift in Sources */ = {isa = PBXBuildFile; fileRef = B51E5E0E21CCDB4F0068B642 /* Users.swift */; };
		B51E5E1221CCEE0E0068B642 /* SendMessageRequest.swift in Sources */ = {isa = PBXBuildFile; fileRef = B51E5E1121CCEE0E0068B642 /* SendMessageRequest.swift */; };
		B5313A7621CBF6310059DC66 /* Coordinator.swift in Sources */ = {isa = PBXBuildFile; fileRef = B5313A7421CBF6310059DC66 /* Coordinator.swift */; };
		B5313A7721CBF6310059DC66 /* CoordinatorDelegate.swift in Sources */ = {isa = PBXBuildFile; fileRef = B5313A7521CBF6310059DC66 /* CoordinatorDelegate.swift */; };
		B5313A7B21CBF6440059DC66 /* UIView+Extensions.swift in Sources */ = {isa = PBXBuildFile; fileRef = B5313A7921CBF6440059DC66 /* UIView+Extensions.swift */; };
		B5313A7C21CBF6440059DC66 /* String+Extensions.swift in Sources */ = {isa = PBXBuildFile; fileRef = B5313A7A21CBF6440059DC66 /* String+Extensions.swift */; };
		B549B74021CBF2BF00629B2E /* AppDelegate.swift in Sources */ = {isa = PBXBuildFile; fileRef = B549B73F21CBF2BF00629B2E /* AppDelegate.swift */; };
		B549B74821CBF2BF00629B2E /* AZRPv2.xcdatamodeld in Sources */ = {isa = PBXBuildFile; fileRef = B549B74621CBF2BF00629B2E /* AZRPv2.xcdatamodeld */; };
		B549B74A21CBF2C000629B2E /* Assets.xcassets in Resources */ = {isa = PBXBuildFile; fileRef = B549B74921CBF2C000629B2E /* Assets.xcassets */; };
		B549B74D21CBF2C000629B2E /* LaunchScreen.storyboard in Resources */ = {isa = PBXBuildFile; fileRef = B549B74B21CBF2C000629B2E /* LaunchScreen.storyboard */; };
		B549B75621CBF3F500629B2E /* SerializationManager.swift in Sources */ = {isa = PBXBuildFile; fileRef = B549B75521CBF3F400629B2E /* SerializationManager.swift */; };
		B549B75D21CBF41800629B2E /* RestEndpoints.swift in Sources */ = {isa = PBXBuildFile; fileRef = B549B75921CBF41800629B2E /* RestEndpoints.swift */; };
		B549B75E21CBF41800629B2E /* BaseRepositoryProtocol.swift in Sources */ = {isa = PBXBuildFile; fileRef = B549B75A21CBF41800629B2E /* BaseRepositoryProtocol.swift */; };
		B549B75F21CBF41800629B2E /* RestManager.swift in Sources */ = {isa = PBXBuildFile; fileRef = B549B75B21CBF41800629B2E /* RestManager.swift */; };
		B549B76021CBF41800629B2E /* NetworkError.swift in Sources */ = {isa = PBXBuildFile; fileRef = B549B75C21CBF41800629B2E /* NetworkError.swift */; };
		B549B76821CBF41F00629B2E /* HomeViewModel.swift in Sources */ = {isa = PBXBuildFile; fileRef = B549B76321CBF41F00629B2E /* HomeViewModel.swift */; };
		B549B76A21CBF41F00629B2E /* HomeCoordinator.swift in Sources */ = {isa = PBXBuildFile; fileRef = B549B76721CBF41F00629B2E /* HomeCoordinator.swift */; };
		B549B77521CBF42A00629B2E /* Style+Extensions.swift in Sources */ = {isa = PBXBuildFile; fileRef = B549B76F21CBF42A00629B2E /* Style+Extensions.swift */; };
		B549B77621CBF42A00629B2E /* Theme.swift in Sources */ = {isa = PBXBuildFile; fileRef = B549B77021CBF42A00629B2E /* Theme.swift */; };
		B549B77721CBF42A00629B2E /* Localizable.strings in Resources */ = {isa = PBXBuildFile; fileRef = B549B77221CBF42A00629B2E /* Localizable.strings */; };
		B549B77921CBF48400629B2E /* AppCoordinator.swift in Sources */ = {isa = PBXBuildFile; fileRef = B549B77821CBF48400629B2E /* AppCoordinator.swift */; };
		B554457D21D8DFBF006348B1 /* LoginCoordinator.swift in Sources */ = {isa = PBXBuildFile; fileRef = B554457C21D8DFBF006348B1 /* LoginCoordinator.swift */; };
		B554457F21D8DFEF006348B1 /* WelcomeViewController.swift in Sources */ = {isa = PBXBuildFile; fileRef = B554457E21D8DFEF006348B1 /* WelcomeViewController.swift */; };
		B554458121D8DFFD006348B1 /* LoginViewModel.swift in Sources */ = {isa = PBXBuildFile; fileRef = B554458021D8DFFD006348B1 /* LoginViewModel.swift */; };
		B554458321D8E135006348B1 /* LoginView.swift in Sources */ = {isa = PBXBuildFile; fileRef = B554458221D8E135006348B1 /* LoginView.swift */; };
		B554458521D8E219006348B1 /* UITextField + Extensions.swift in Sources */ = {isa = PBXBuildFile; fileRef = B554458421D8E219006348B1 /* UITextField + Extensions.swift */; };
		B554458721D921FE006348B1 /* RegisterView.swift in Sources */ = {isa = PBXBuildFile; fileRef = B554458621D921FE006348B1 /* RegisterView.swift */; };
		B554458921D9220E006348B1 /* RegisterViewModel.swift in Sources */ = {isa = PBXBuildFile; fileRef = B554458821D9220E006348B1 /* RegisterViewModel.swift */; };
		B563327421DA27B9000D0146 /* NSAttributedString+Extensions.swift in Sources */ = {isa = PBXBuildFile; fileRef = B563327321DA27B9000D0146 /* NSAttributedString+Extensions.swift */; };
		B563327621DA8697000D0146 /* HomeCoordinatorDelegate.swift in Sources */ = {isa = PBXBuildFile; fileRef = B563327521DA8697000D0146 /* HomeCoordinatorDelegate.swift */; };
		B563327821DA8716000D0146 /* LoginCoordinatorDelegate.swift in Sources */ = {isa = PBXBuildFile; fileRef = B563327721DA8716000D0146 /* LoginCoordinatorDelegate.swift */; };
		B563327A21DA8B7E000D0146 /* WelcomeViewModel.swift in Sources */ = {isa = PBXBuildFile; fileRef = B563327921DA8B7E000D0146 /* WelcomeViewModel.swift */; };
		B563327C21DA95B2000D0146 /* Message.swift in Sources */ = {isa = PBXBuildFile; fileRef = B563327B21DA95B2000D0146 /* Message.swift */; };
		B580BB8521E6571800F6848E /* KeyboardView.swift in Sources */ = {isa = PBXBuildFile; fileRef = B580BB8421E6571800F6848E /* KeyboardView.swift */; };
		B580BB8721E68EB800F6848E /* ChatCoordinatorDelegate.swift in Sources */ = {isa = PBXBuildFile; fileRef = B580BB8621E68EB800F6848E /* ChatCoordinatorDelegate.swift */; };
		B59C0FE621E91FD500746F32 /* UIColor + Extensions.swift in Sources */ = {isa = PBXBuildFile; fileRef = B59C0FE521E91FD500746F32 /* UIColor + Extensions.swift */; };
		B59C0FE921E926CB00746F32 /* NewRoom.swift in Sources */ = {isa = PBXBuildFile; fileRef = B59C0FE821E926CB00746F32 /* NewRoom.swift */; };
		B59C0FEE21E9281E00746F32 /* NewRoomViewController.swift in Sources */ = {isa = PBXBuildFile; fileRef = B59C0FED21E9281E00746F32 /* NewRoomViewController.swift */; };
		B59C0FF021E928FF00746F32 /* NewRoomViewModel.swift in Sources */ = {isa = PBXBuildFile; fileRef = B59C0FEF21E928FF00746F32 /* NewRoomViewModel.swift */; };
		B59C0FF321E94E7400746F32 /* UserTableViewCell.swift in Sources */ = {isa = PBXBuildFile; fileRef = B59C0FF221E94E7400746F32 /* UserTableViewCell.swift */; };
		B59C0FF621E9577D00746F32 /* StackViewSubview.swift in Sources */ = {isa = PBXBuildFile; fileRef = B59C0FF521E9577D00746F32 /* StackViewSubview.swift */; };
		B5C136FA21DCF89F00B17888 /* RealmRepository.swift in Sources */ = {isa = PBXBuildFile; fileRef = B5C136F921DCF89F00B17888 /* RealmRepository.swift */; };
		B5C136FD21DD056C00B17888 /* RealmRoomObjects.swift in Sources */ = {isa = PBXBuildFile; fileRef = B5C136FC21DD056C00B17888 /* RealmRoomObjects.swift */; };
		B5CFA4C621CBF96300982282 /* LogIn.swift in Sources */ = {isa = PBXBuildFile; fileRef = B5CFA4C521CBF96300982282 /* LogIn.swift */; };
		B5CFA4C921CBFAA100982282 /* API.swift in Sources */ = {isa = PBXBuildFile; fileRef = B5CFA4C821CBFAA100982282 /* API.swift */; };
		B5CFA4CE21CBFAD000982282 /* DataWrapper.swift in Sources */ = {isa = PBXBuildFile; fileRef = B5CFA4CB21CBFACF00982282 /* DataWrapper.swift */; };
		B5CFA4CF21CBFAD000982282 /* ErrorAlert.swift in Sources */ = {isa = PBXBuildFile; fileRef = B5CFA4CC21CBFACF00982282 /* ErrorAlert.swift */; };
		B5CFA4D021CBFAD000982282 /* GeneralError.swift in Sources */ = {isa = PBXBuildFile; fileRef = B5CFA4CD21CBFACF00982282 /* GeneralError.swift */; };
		B5DC874321DBAF2400FDA595 /* RoomObject.swift in Sources */ = {isa = PBXBuildFile; fileRef = B5DC874221DBAF2400FDA595 /* RoomObject.swift */; };
		B5DC874621DBBACB00FDA595 /* TableRefreshView.swift in Sources */ = {isa = PBXBuildFile; fileRef = B5DC874521DBBACB00FDA595 /* TableRefreshView.swift */; };
		B5DC874821DBBB0700FDA595 /* TableRefreshViewModel.swift in Sources */ = {isa = PBXBuildFile; fileRef = B5DC874721DBBB0700FDA595 /* TableRefreshViewModel.swift */; };
		B5DC874E21DBBB6900FDA595 /* TableSectionItem.swift in Sources */ = {isa = PBXBuildFile; fileRef = B5DC874B21DBBB6900FDA595 /* TableSectionItem.swift */; };
		B5DC874F21DBBB6900FDA595 /* TableItem.swift in Sources */ = {isa = PBXBuildFile; fileRef = B5DC874C21DBBB6900FDA595 /* TableItem.swift */; };
		B5DC875021DBBB6900FDA595 /* TableRefresh.swift in Sources */ = {isa = PBXBuildFile; fileRef = B5DC874D21DBBB6900FDA595 /* TableRefresh.swift */; };
		B5DC875721DBBC1100FDA595 /* LoaderOverlayView.swift in Sources */ = {isa = PBXBuildFile; fileRef = B5DC875221DBBC1100FDA595 /* LoaderOverlayView.swift */; };
		B5DC875821DBBC1100FDA595 /* SpinnerView.swift in Sources */ = {isa = PBXBuildFile; fileRef = B5DC875321DBBC1100FDA595 /* SpinnerView.swift */; };
		B5DC875921DBBC1100FDA595 /* LoaderHUD.swift in Sources */ = {isa = PBXBuildFile; fileRef = B5DC875421DBBC1100FDA595 /* LoaderHUD.swift */; };
		B5DC875A21DBBC1100FDA595 /* LoaderViewProtocol.swift in Sources */ = {isa = PBXBuildFile; fileRef = B5DC875521DBBC1100FDA595 /* LoaderViewProtocol.swift */; };
		B5DC875B21DBBC1100FDA595 /* LoaderViewModel.swift in Sources */ = {isa = PBXBuildFile; fileRef = B5DC875621DBBC1100FDA595 /* LoaderViewModel.swift */; };
		B5DC875E21DBBC2B00FDA595 /* ErrorAlertController.swift in Sources */ = {isa = PBXBuildFile; fileRef = B5DC875D21DBBC2B00FDA595 /* ErrorAlertController.swift */; };
		B5DC876121DBBEAC00FDA595 /* GroupTableViewCell.swift in Sources */ = {isa = PBXBuildFile; fileRef = B5DC876021DBBEAC00FDA595 /* GroupTableViewCell.swift */; };
		B5DC876321DBC35200FDA595 /* HomeViewController.swift in Sources */ = {isa = PBXBuildFile; fileRef = B5DC876221DBC35200FDA595 /* HomeViewController.swift */; };
		B5DC876521DBCA8D00FDA595 /* Double + extensions.swift in Sources */ = {isa = PBXBuildFile; fileRef = B5DC876421DBCA8D00FDA595 /* Double + extensions.swift */; };
		B5DDA50721E0F34900323A6E /* HomeViewModel Extension.swift in Sources */ = {isa = PBXBuildFile; fileRef = B5DDA50621E0F34900323A6E /* HomeViewModel Extension.swift */; };
		B5DDA50D21E13BA500323A6E /* ChatCoordinator.swift in Sources */ = {isa = PBXBuildFile; fileRef = B5DDA50C21E13BA500323A6E /* ChatCoordinator.swift */; };
		B5DDA50F21E13BCD00323A6E /* ChatViewModel.swift in Sources */ = {isa = PBXBuildFile; fileRef = B5DDA50E21E13BCD00323A6E /* ChatViewModel.swift */; };
		B5DDA51121E13BF100323A6E /* ChatCollectionViewController.swift in Sources */ = {isa = PBXBuildFile; fileRef = B5DDA51021E13BF100323A6E /* ChatCollectionViewController.swift */; };
		B5DDA51321E13F0800323A6E /* ChatCollectionViewCell.swift in Sources */ = {isa = PBXBuildFile; fileRef = B5DDA51221E13F0800323A6E /* ChatCollectionViewCell.swift */; };
/* End PBXBuildFile section */

/* Begin PBXFileReference section */
		057C08913D65E196BF09C2AF /* Pods-AZRPv2.release.xcconfig */ = {isa = PBXFileReference; includeInIndex = 1; lastKnownFileType = text.xcconfig; name = "Pods-AZRPv2.release.xcconfig"; path = "Pods/Target Support Files/Pods-AZRPv2/Pods-AZRPv2.release.xcconfig"; sourceTree = "<group>"; };
		3DD55A997F49E6AC32222002 /* Pods_AZRPv2.framework */ = {isa = PBXFileReference; explicitFileType = wrapper.framework; includeInIndex = 0; path = Pods_AZRPv2.framework; sourceTree = BUILT_PRODUCTS_DIR; };
		70CA1865C5D0A93DD8C1F926 /* Pods-AZRPv2.debug.xcconfig */ = {isa = PBXFileReference; includeInIndex = 1; lastKnownFileType = text.xcconfig; name = "Pods-AZRPv2.debug.xcconfig"; path = "Pods/Target Support Files/Pods-AZRPv2/Pods-AZRPv2.debug.xcconfig"; sourceTree = "<group>"; };
		B510037921DCE8F70078230E /* WebSocketAdress.swift */ = {isa = PBXFileReference; lastKnownFileType = sourcecode.swift; path = WebSocketAdress.swift; sourceTree = "<group>"; };
		B510037C21DCEC900078230E /* WebSocket.swift */ = {isa = PBXFileReference; lastKnownFileType = sourcecode.swift; path = WebSocket.swift; sourceTree = "<group>"; };
		B51E5E0E21CCDB4F0068B642 /* Users.swift */ = {isa = PBXFileReference; lastKnownFileType = sourcecode.swift; path = Users.swift; sourceTree = "<group>"; };
		B51E5E1121CCEE0E0068B642 /* SendMessageRequest.swift */ = {isa = PBXFileReference; lastKnownFileType = sourcecode.swift; path = SendMessageRequest.swift; sourceTree = "<group>"; };
		B5313A7421CBF6310059DC66 /* Coordinator.swift */ = {isa = PBXFileReference; fileEncoding = 4; lastKnownFileType = sourcecode.swift; path = Coordinator.swift; sourceTree = "<group>"; };
		B5313A7521CBF6310059DC66 /* CoordinatorDelegate.swift */ = {isa = PBXFileReference; fileEncoding = 4; lastKnownFileType = sourcecode.swift; path = CoordinatorDelegate.swift; sourceTree = "<group>"; };
		B5313A7921CBF6440059DC66 /* UIView+Extensions.swift */ = {isa = PBXFileReference; fileEncoding = 4; lastKnownFileType = sourcecode.swift; path = "UIView+Extensions.swift"; sourceTree = "<group>"; };
		B5313A7A21CBF6440059DC66 /* String+Extensions.swift */ = {isa = PBXFileReference; fileEncoding = 4; lastKnownFileType = sourcecode.swift; path = "String+Extensions.swift"; sourceTree = "<group>"; };
		B549B73C21CBF2BF00629B2E /* AZRPv2.app */ = {isa = PBXFileReference; explicitFileType = wrapper.application; includeInIndex = 0; path = AZRPv2.app; sourceTree = BUILT_PRODUCTS_DIR; };
		B549B73F21CBF2BF00629B2E /* AppDelegate.swift */ = {isa = PBXFileReference; lastKnownFileType = sourcecode.swift; path = AppDelegate.swift; sourceTree = "<group>"; };
		B549B74721CBF2BF00629B2E /* AZRPv2.xcdatamodel */ = {isa = PBXFileReference; lastKnownFileType = wrapper.xcdatamodel; path = AZRPv2.xcdatamodel; sourceTree = "<group>"; };
		B549B74921CBF2C000629B2E /* Assets.xcassets */ = {isa = PBXFileReference; lastKnownFileType = folder.assetcatalog; path = Assets.xcassets; sourceTree = "<group>"; };
		B549B74C21CBF2C000629B2E /* Base */ = {isa = PBXFileReference; lastKnownFileType = file.storyboard; name = Base; path = Base.lproj/LaunchScreen.storyboard; sourceTree = "<group>"; };
		B549B74E21CBF2C000629B2E /* Info.plist */ = {isa = PBXFileReference; lastKnownFileType = text.plist.xml; path = Info.plist; sourceTree = "<group>"; };
		B549B75521CBF3F400629B2E /* SerializationManager.swift */ = {isa = PBXFileReference; fileEncoding = 4; lastKnownFileType = sourcecode.swift; path = SerializationManager.swift; sourceTree = "<group>"; };
		B549B75921CBF41800629B2E /* RestEndpoints.swift */ = {isa = PBXFileReference; fileEncoding = 4; lastKnownFileType = sourcecode.swift; path = RestEndpoints.swift; sourceTree = "<group>"; };
		B549B75A21CBF41800629B2E /* BaseRepositoryProtocol.swift */ = {isa = PBXFileReference; fileEncoding = 4; lastKnownFileType = sourcecode.swift; path = BaseRepositoryProtocol.swift; sourceTree = "<group>"; };
		B549B75B21CBF41800629B2E /* RestManager.swift */ = {isa = PBXFileReference; fileEncoding = 4; lastKnownFileType = sourcecode.swift; path = RestManager.swift; sourceTree = "<group>"; };
		B549B75C21CBF41800629B2E /* NetworkError.swift */ = {isa = PBXFileReference; fileEncoding = 4; lastKnownFileType = sourcecode.swift; path = NetworkError.swift; sourceTree = "<group>"; };
		B549B76321CBF41F00629B2E /* HomeViewModel.swift */ = {isa = PBXFileReference; fileEncoding = 4; lastKnownFileType = sourcecode.swift; path = HomeViewModel.swift; sourceTree = "<group>"; };
		B549B76721CBF41F00629B2E /* HomeCoordinator.swift */ = {isa = PBXFileReference; fileEncoding = 4; lastKnownFileType = sourcecode.swift; path = HomeCoordinator.swift; sourceTree = "<group>"; };
		B549B76F21CBF42A00629B2E /* Style+Extensions.swift */ = {isa = PBXFileReference; fileEncoding = 4; lastKnownFileType = sourcecode.swift; path = "Style+Extensions.swift"; sourceTree = "<group>"; };
		B549B77021CBF42A00629B2E /* Theme.swift */ = {isa = PBXFileReference; fileEncoding = 4; lastKnownFileType = sourcecode.swift; path = Theme.swift; sourceTree = "<group>"; };
		B549B77321CBF42A00629B2E /* en */ = {isa = PBXFileReference; lastKnownFileType = text.plist.strings; name = en; path = en.lproj/Localizable.strings; sourceTree = "<group>"; };
		B549B77821CBF48400629B2E /* AppCoordinator.swift */ = {isa = PBXFileReference; fileEncoding = 4; lastKnownFileType = sourcecode.swift; path = AppCoordinator.swift; sourceTree = "<group>"; };
		B554457C21D8DFBF006348B1 /* LoginCoordinator.swift */ = {isa = PBXFileReference; lastKnownFileType = sourcecode.swift; path = LoginCoordinator.swift; sourceTree = "<group>"; };
		B554457E21D8DFEF006348B1 /* WelcomeViewController.swift */ = {isa = PBXFileReference; lastKnownFileType = sourcecode.swift; path = WelcomeViewController.swift; sourceTree = "<group>"; };
		B554458021D8DFFD006348B1 /* LoginViewModel.swift */ = {isa = PBXFileReference; lastKnownFileType = sourcecode.swift; path = LoginViewModel.swift; sourceTree = "<group>"; };
		B554458221D8E135006348B1 /* LoginView.swift */ = {isa = PBXFileReference; lastKnownFileType = sourcecode.swift; path = LoginView.swift; sourceTree = "<group>"; };
		B554458421D8E219006348B1 /* UITextField + Extensions.swift */ = {isa = PBXFileReference; lastKnownFileType = sourcecode.swift; path = "UITextField + Extensions.swift"; sourceTree = "<group>"; };
		B554458621D921FE006348B1 /* RegisterView.swift */ = {isa = PBXFileReference; lastKnownFileType = sourcecode.swift; path = RegisterView.swift; sourceTree = "<group>"; };
		B554458821D9220E006348B1 /* RegisterViewModel.swift */ = {isa = PBXFileReference; lastKnownFileType = sourcecode.swift; path = RegisterViewModel.swift; sourceTree = "<group>"; };
		B563327321DA27B9000D0146 /* NSAttributedString+Extensions.swift */ = {isa = PBXFileReference; lastKnownFileType = sourcecode.swift; path = "NSAttributedString+Extensions.swift"; sourceTree = "<group>"; };
		B563327521DA8697000D0146 /* HomeCoordinatorDelegate.swift */ = {isa = PBXFileReference; lastKnownFileType = sourcecode.swift; path = HomeCoordinatorDelegate.swift; sourceTree = "<group>"; };
		B563327721DA8716000D0146 /* LoginCoordinatorDelegate.swift */ = {isa = PBXFileReference; lastKnownFileType = sourcecode.swift; path = LoginCoordinatorDelegate.swift; sourceTree = "<group>"; };
		B563327921DA8B7E000D0146 /* WelcomeViewModel.swift */ = {isa = PBXFileReference; lastKnownFileType = sourcecode.swift; path = WelcomeViewModel.swift; sourceTree = "<group>"; };
		B563327B21DA95B2000D0146 /* Message.swift */ = {isa = PBXFileReference; lastKnownFileType = sourcecode.swift; path = Message.swift; sourceTree = "<group>"; };
		B580BB8421E6571800F6848E /* KeyboardView.swift */ = {isa = PBXFileReference; lastKnownFileType = sourcecode.swift; path = KeyboardView.swift; sourceTree = "<group>"; };
		B580BB8621E68EB800F6848E /* ChatCoordinatorDelegate.swift */ = {isa = PBXFileReference; lastKnownFileType = sourcecode.swift; path = ChatCoordinatorDelegate.swift; sourceTree = "<group>"; };
		B59C0FE521E91FD500746F32 /* UIColor + Extensions.swift */ = {isa = PBXFileReference; lastKnownFileType = sourcecode.swift; path = "UIColor + Extensions.swift"; sourceTree = "<group>"; };
		B59C0FE821E926CB00746F32 /* NewRoom.swift */ = {isa = PBXFileReference; lastKnownFileType = sourcecode.swift; path = NewRoom.swift; sourceTree = "<group>"; };
		B59C0FED21E9281E00746F32 /* NewRoomViewController.swift */ = {isa = PBXFileReference; lastKnownFileType = sourcecode.swift; path = NewRoomViewController.swift; sourceTree = "<group>"; };
		B59C0FEF21E928FF00746F32 /* NewRoomViewModel.swift */ = {isa = PBXFileReference; lastKnownFileType = sourcecode.swift; path = NewRoomViewModel.swift; sourceTree = "<group>"; };
		B59C0FF221E94E7400746F32 /* UserTableViewCell.swift */ = {isa = PBXFileReference; lastKnownFileType = sourcecode.swift; path = UserTableViewCell.swift; sourceTree = "<group>"; };
		B59C0FF521E9577D00746F32 /* StackViewSubview.swift */ = {isa = PBXFileReference; lastKnownFileType = sourcecode.swift; path = StackViewSubview.swift; sourceTree = "<group>"; };
		B5C136F921DCF89F00B17888 /* RealmRepository.swift */ = {isa = PBXFileReference; fileEncoding = 4; lastKnownFileType = sourcecode.swift; path = RealmRepository.swift; sourceTree = "<group>"; };
		B5C136FC21DD056C00B17888 /* RealmRoomObjects.swift */ = {isa = PBXFileReference; lastKnownFileType = sourcecode.swift; path = RealmRoomObjects.swift; sourceTree = "<group>"; };
		B5CFA4C521CBF96300982282 /* LogIn.swift */ = {isa = PBXFileReference; lastKnownFileType = sourcecode.swift; path = LogIn.swift; sourceTree = "<group>"; };
		B5CFA4C821CBFAA100982282 /* API.swift */ = {isa = PBXFileReference; fileEncoding = 4; lastKnownFileType = sourcecode.swift; path = API.swift; sourceTree = "<group>"; };
		B5CFA4CB21CBFACF00982282 /* DataWrapper.swift */ = {isa = PBXFileReference; fileEncoding = 4; lastKnownFileType = sourcecode.swift; path = DataWrapper.swift; sourceTree = "<group>"; };
		B5CFA4CC21CBFACF00982282 /* ErrorAlert.swift */ = {isa = PBXFileReference; fileEncoding = 4; lastKnownFileType = sourcecode.swift; path = ErrorAlert.swift; sourceTree = "<group>"; };
		B5CFA4CD21CBFACF00982282 /* GeneralError.swift */ = {isa = PBXFileReference; fileEncoding = 4; lastKnownFileType = sourcecode.swift; path = GeneralError.swift; sourceTree = "<group>"; };
		B5DC874221DBAF2400FDA595 /* RoomObject.swift */ = {isa = PBXFileReference; lastKnownFileType = sourcecode.swift; path = RoomObject.swift; sourceTree = "<group>"; };
		B5DC874521DBBACB00FDA595 /* TableRefreshView.swift */ = {isa = PBXFileReference; lastKnownFileType = sourcecode.swift; path = TableRefreshView.swift; sourceTree = "<group>"; };
		B5DC874721DBBB0700FDA595 /* TableRefreshViewModel.swift */ = {isa = PBXFileReference; lastKnownFileType = sourcecode.swift; path = TableRefreshViewModel.swift; sourceTree = "<group>"; };
		B5DC874B21DBBB6900FDA595 /* TableSectionItem.swift */ = {isa = PBXFileReference; fileEncoding = 4; lastKnownFileType = sourcecode.swift; path = TableSectionItem.swift; sourceTree = "<group>"; };
		B5DC874C21DBBB6900FDA595 /* TableItem.swift */ = {isa = PBXFileReference; fileEncoding = 4; lastKnownFileType = sourcecode.swift; path = TableItem.swift; sourceTree = "<group>"; };
		B5DC874D21DBBB6900FDA595 /* TableRefresh.swift */ = {isa = PBXFileReference; fileEncoding = 4; lastKnownFileType = sourcecode.swift; path = TableRefresh.swift; sourceTree = "<group>"; };
		B5DC875221DBBC1100FDA595 /* LoaderOverlayView.swift */ = {isa = PBXFileReference; fileEncoding = 4; lastKnownFileType = sourcecode.swift; path = LoaderOverlayView.swift; sourceTree = "<group>"; };
		B5DC875321DBBC1100FDA595 /* SpinnerView.swift */ = {isa = PBXFileReference; fileEncoding = 4; lastKnownFileType = sourcecode.swift; path = SpinnerView.swift; sourceTree = "<group>"; };
		B5DC875421DBBC1100FDA595 /* LoaderHUD.swift */ = {isa = PBXFileReference; fileEncoding = 4; lastKnownFileType = sourcecode.swift; path = LoaderHUD.swift; sourceTree = "<group>"; };
		B5DC875521DBBC1100FDA595 /* LoaderViewProtocol.swift */ = {isa = PBXFileReference; fileEncoding = 4; lastKnownFileType = sourcecode.swift; path = LoaderViewProtocol.swift; sourceTree = "<group>"; };
		B5DC875621DBBC1100FDA595 /* LoaderViewModel.swift */ = {isa = PBXFileReference; fileEncoding = 4; lastKnownFileType = sourcecode.swift; path = LoaderViewModel.swift; sourceTree = "<group>"; };
		B5DC875D21DBBC2B00FDA595 /* ErrorAlertController.swift */ = {isa = PBXFileReference; fileEncoding = 4; lastKnownFileType = sourcecode.swift; path = ErrorAlertController.swift; sourceTree = "<group>"; };
		B5DC876021DBBEAC00FDA595 /* GroupTableViewCell.swift */ = {isa = PBXFileReference; lastKnownFileType = sourcecode.swift; path = GroupTableViewCell.swift; sourceTree = "<group>"; };
		B5DC876221DBC35200FDA595 /* HomeViewController.swift */ = {isa = PBXFileReference; lastKnownFileType = sourcecode.swift; path = HomeViewController.swift; sourceTree = "<group>"; };
		B5DC876421DBCA8D00FDA595 /* Double + extensions.swift */ = {isa = PBXFileReference; lastKnownFileType = sourcecode.swift; path = "Double + extensions.swift"; sourceTree = "<group>"; };
		B5DDA50621E0F34900323A6E /* HomeViewModel Extension.swift */ = {isa = PBXFileReference; lastKnownFileType = sourcecode.swift; path = "HomeViewModel Extension.swift"; sourceTree = "<group>"; };
		B5DDA50C21E13BA500323A6E /* ChatCoordinator.swift */ = {isa = PBXFileReference; lastKnownFileType = sourcecode.swift; path = ChatCoordinator.swift; sourceTree = "<group>"; };
		B5DDA50E21E13BCD00323A6E /* ChatViewModel.swift */ = {isa = PBXFileReference; lastKnownFileType = sourcecode.swift; path = ChatViewModel.swift; sourceTree = "<group>"; };
		B5DDA51021E13BF100323A6E /* ChatCollectionViewController.swift */ = {isa = PBXFileReference; lastKnownFileType = sourcecode.swift; path = ChatCollectionViewController.swift; sourceTree = "<group>"; };
		B5DDA51221E13F0800323A6E /* ChatCollectionViewCell.swift */ = {isa = PBXFileReference; lastKnownFileType = sourcecode.swift; path = ChatCollectionViewCell.swift; sourceTree = "<group>"; };
/* End PBXFileReference section */

/* Begin PBXFrameworksBuildPhase section */
		B549B73921CBF2BF00629B2E /* Frameworks */ = {
			isa = PBXFrameworksBuildPhase;
			buildActionMask = 2147483647;
			files = (
				B08463D3A5985266D503C694 /* Pods_AZRPv2.framework in Frameworks */,
			);
			runOnlyForDeploymentPostprocessing = 0;
		};
/* End PBXFrameworksBuildPhase section */

/* Begin PBXGroup section */
		AE2219D8BDFF96E29D4DD738 /* Frameworks */ = {
			isa = PBXGroup;
			children = (
				3DD55A997F49E6AC32222002 /* Pods_AZRPv2.framework */,
			);
			name = Frameworks;
			sourceTree = "<group>";
		};
		B510037821DCE8DF0078230E /* HelperValues */ = {
			isa = PBXGroup;
			children = (
				B510037921DCE8F70078230E /* WebSocketAdress.swift */,
			);
			path = HelperValues;
			sourceTree = "<group>";
		};
		B510037B21DCEC7F0078230E /* WebSocket */ = {
			isa = PBXGroup;
			children = (
				B510037C21DCEC900078230E /* WebSocket.swift */,
			);
			path = WebSocket;
			sourceTree = "<group>";
		};
		B51E5E0D21CCDB250068B642 /* Users */ = {
			isa = PBXGroup;
			children = (
				B51E5E0E21CCDB4F0068B642 /* Users.swift */,
			);
			path = Users;
			sourceTree = "<group>";
		};
		B51E5E1021CCEDDB0068B642 /* Send Message */ = {
			isa = PBXGroup;
			children = (
				B51E5E1121CCEE0E0068B642 /* SendMessageRequest.swift */,
			);
			path = "Send Message";
			sourceTree = "<group>";
		};
		B5313A7321CBF60C0059DC66 /* Coordinator */ = {
			isa = PBXGroup;
			children = (
				B5313A7421CBF6310059DC66 /* Coordinator.swift */,
				B5313A7521CBF6310059DC66 /* CoordinatorDelegate.swift */,
			);
			path = Coordinator;
			sourceTree = "<group>";
		};
		B5313A7821CBF6440059DC66 /* Extensions */ = {
			isa = PBXGroup;
			children = (
				B5313A7921CBF6440059DC66 /* UIView+Extensions.swift */,
				B5313A7A21CBF6440059DC66 /* String+Extensions.swift */,
				B554458421D8E219006348B1 /* UITextField + Extensions.swift */,
				B563327321DA27B9000D0146 /* NSAttributedString+Extensions.swift */,
				B5DC876421DBCA8D00FDA595 /* Double + extensions.swift */,
				B59C0FE521E91FD500746F32 /* UIColor + Extensions.swift */,
			);
			path = Extensions;
			sourceTree = "<group>";
		};
		B549B73321CBF2BE00629B2E = {
			isa = PBXGroup;
			children = (
				B549B73E21CBF2BF00629B2E /* AZRPv2 */,
				B549B73D21CBF2BF00629B2E /* Products */,
				B63576D7816A41B71314F85A /* Pods */,
				AE2219D8BDFF96E29D4DD738 /* Frameworks */,
			);
			sourceTree = "<group>";
		};
		B549B73D21CBF2BF00629B2E /* Products */ = {
			isa = PBXGroup;
			children = (
				B549B73C21CBF2BF00629B2E /* AZRPv2.app */,
			);
			name = Products;
			sourceTree = "<group>";
		};
		B549B73E21CBF2BF00629B2E /* AZRPv2 */ = {
			isa = PBXGroup;
			children = (
				B554457821D8DF83006348B1 /* Welcome */,
				B549B76121CBF41F00629B2E /* Home */,
				B59C0FEA21E927DF00746F32 /* AddNewRoomScreen */,
				B5DDA50821E13B4F00323A6E /* ChatScreen */,
				B549B76B21CBF42A00629B2E /* Assets */,
				B549B75721CBF41800629B2E /* Models */,
				B549B75821CBF41800629B2E /* Base */,
				B549B75421CBF3F400629B2E /* Utils */,
				B549B73F21CBF2BF00629B2E /* AppDelegate.swift */,
				B549B77821CBF48400629B2E /* AppCoordinator.swift */,
				B549B74921CBF2C000629B2E /* Assets.xcassets */,
				B549B74E21CBF2C000629B2E /* Info.plist */,
				B549B74621CBF2BF00629B2E /* AZRPv2.xcdatamodeld */,
			);
			path = AZRPv2;
			sourceTree = "<group>";
		};
		B549B75421CBF3F400629B2E /* Utils */ = {
			isa = PBXGroup;
			children = (
				B549B75521CBF3F400629B2E /* SerializationManager.swift */,
			);
			path = Utils;
			sourceTree = "<group>";
		};
		B549B75721CBF41800629B2E /* Models */ = {
			isa = PBXGroup;
			children = (
				B59C0FE721E926B600746F32 /* NewRoomObject */,
				B5C136FB21DD055000B17888 /* RealmRoomObject */,
				B5DC874121DBAEED00FDA595 /* RoomObject */,
				B563327D21DA962C000D0146 /* Message */,
				B51E5E1021CCEDDB0068B642 /* Send Message */,
				B51E5E0D21CCDB250068B642 /* Users */,
				B5CFA4C721CBFA0C00982282 /* Repository */,
				B5CFA4C421CBF95300982282 /* LogIn */,
				B5313A7321CBF60C0059DC66 /* Coordinator */,
			);
			path = Models;
			sourceTree = "<group>";
		};
		B549B75821CBF41800629B2E /* Base */ = {
			isa = PBXGroup;
			children = (
				B510037B21DCEC7F0078230E /* WebSocket */,
				B510037821DCE8DF0078230E /* HelperValues */,
				B5DC875C21DBBC2B00FDA595 /* ErrorAlertController */,
				B5DC875121DBBC1100FDA595 /* Loader */,
				B5DC874921DBBB1D00FDA595 /* Table */,
				B5CFA4CA21CBFAB800982282 /* ErrorHandling */,
				B5313A7821CBF6440059DC66 /* Extensions */,
				B549B75921CBF41800629B2E /* RestEndpoints.swift */,
				B549B75A21CBF41800629B2E /* BaseRepositoryProtocol.swift */,
				B549B75B21CBF41800629B2E /* RestManager.swift */,
				B549B75C21CBF41800629B2E /* NetworkError.swift */,
			);
			path = Base;
			sourceTree = "<group>";
		};
		B549B76121CBF41F00629B2E /* Home */ = {
			isa = PBXGroup;
			children = (
				B549B76221CBF41F00629B2E /* ViewModel */,
				B549B76421CBF41F00629B2E /* UI */,
				B549B76621CBF41F00629B2E /* Coordinator */,
			);
			path = Home;
			sourceTree = "<group>";
		};
		B549B76221CBF41F00629B2E /* ViewModel */ = {
			isa = PBXGroup;
			children = (
				B549B76321CBF41F00629B2E /* HomeViewModel.swift */,
				B5DDA50621E0F34900323A6E /* HomeViewModel Extension.swift */,
			);
			path = ViewModel;
			sourceTree = "<group>";
		};
		B549B76421CBF41F00629B2E /* UI */ = {
			isa = PBXGroup;
			children = (
				B5DC875F21DBBE7D00FDA595 /* Cell */,
				B5DC876221DBC35200FDA595 /* HomeViewController.swift */,
			);
			path = UI;
			sourceTree = "<group>";
		};
		B549B76621CBF41F00629B2E /* Coordinator */ = {
			isa = PBXGroup;
			children = (
				B549B76721CBF41F00629B2E /* HomeCoordinator.swift */,
				B563327521DA8697000D0146 /* HomeCoordinatorDelegate.swift */,
			);
			path = Coordinator;
			sourceTree = "<group>";
		};
		B549B76B21CBF42A00629B2E /* Assets */ = {
			isa = PBXGroup;
			children = (
				B549B76C21CBF42A00629B2E /* StoryBoards */,
				B549B76F21CBF42A00629B2E /* Style+Extensions.swift */,
				B549B77021CBF42A00629B2E /* Theme.swift */,
				B549B77121CBF42A00629B2E /* Localizable */,
			);
			path = Assets;
			sourceTree = "<group>";
		};
		B549B76C21CBF42A00629B2E /* StoryBoards */ = {
			isa = PBXGroup;
			children = (
				B549B74B21CBF2C000629B2E /* LaunchScreen.storyboard */,
			);
			path = StoryBoards;
			sourceTree = "<group>";
		};
		B549B77121CBF42A00629B2E /* Localizable */ = {
			isa = PBXGroup;
			children = (
				B549B77221CBF42A00629B2E /* Localizable.strings */,
			);
			path = Localizable;
			sourceTree = "<group>";
		};
		B554457821D8DF83006348B1 /* Welcome */ = {
			isa = PBXGroup;
			children = (
				B554457B21D8DFA5006348B1 /* Coordinator */,
				B554457A21D8DF9C006348B1 /* ViewModel */,
				B554457921D8DF92006348B1 /* UI */,
			);
			path = Welcome;
			sourceTree = "<group>";
		};
		B554457921D8DF92006348B1 /* UI */ = {
			isa = PBXGroup;
			children = (
				B554457E21D8DFEF006348B1 /* WelcomeViewController.swift */,
				B554458621D921FE006348B1 /* RegisterView.swift */,
				B554458221D8E135006348B1 /* LoginView.swift */,
			);
			path = UI;
			sourceTree = "<group>";
		};
		B554457A21D8DF9C006348B1 /* ViewModel */ = {
			isa = PBXGroup;
			children = (
				B554458021D8DFFD006348B1 /* LoginViewModel.swift */,
				B554458821D9220E006348B1 /* RegisterViewModel.swift */,
				B563327921DA8B7E000D0146 /* WelcomeViewModel.swift */,
			);
			path = ViewModel;
			sourceTree = "<group>";
		};
		B554457B21D8DFA5006348B1 /* Coordinator */ = {
			isa = PBXGroup;
			children = (
				B554457C21D8DFBF006348B1 /* LoginCoordinator.swift */,
				B563327721DA8716000D0146 /* LoginCoordinatorDelegate.swift */,
			);
			path = Coordinator;
			sourceTree = "<group>";
		};
		B563327D21DA962C000D0146 /* Message */ = {
			isa = PBXGroup;
			children = (
				B563327B21DA95B2000D0146 /* Message.swift */,
			);
			path = Message;
			sourceTree = "<group>";
		};
		B580BB8221E656E900F6848E /* Cell */ = {
			isa = PBXGroup;
			children = (
				B5DDA51221E13F0800323A6E /* ChatCollectionViewCell.swift */,
			);
			path = Cell;
			sourceTree = "<group>";
		};
		B580BB8321E656FB00F6848E /* KeyboardView */ = {
			isa = PBXGroup;
			children = (
				B580BB8421E6571800F6848E /* KeyboardView.swift */,
			);
			path = KeyboardView;
			sourceTree = "<group>";
		};
		B59C0FE721E926B600746F32 /* NewRoomObject */ = {
			isa = PBXGroup;
			children = (
				B59C0FE821E926CB00746F32 /* NewRoom.swift */,
			);
			path = NewRoomObject;
			sourceTree = "<group>";
		};
		B59C0FEA21E927DF00746F32 /* AddNewRoomScreen */ = {
			isa = PBXGroup;
			children = (
				B59C0FEC21E9280200746F32 /* UI */,
				B59C0FEB21E927F600746F32 /* ViewModel */,
			);
			path = AddNewRoomScreen;
			sourceTree = "<group>";
		};
		B59C0FEB21E927F600746F32 /* ViewModel */ = {
			isa = PBXGroup;
			children = (
				B59C0FEF21E928FF00746F32 /* NewRoomViewModel.swift */,
			);
			path = ViewModel;
			sourceTree = "<group>";
		};
		B59C0FEC21E9280200746F32 /* UI */ = {
			isa = PBXGroup;
			children = (
				B59C0FF421E9574100746F32 /* StackView */,
				B59C0FF121E94E5D00746F32 /* Cell */,
				B59C0FED21E9281E00746F32 /* NewRoomViewController.swift */,
			);
			path = UI;
			sourceTree = "<group>";
		};
		B59C0FF121E94E5D00746F32 /* Cell */ = {
			isa = PBXGroup;
			children = (
				B59C0FF221E94E7400746F32 /* UserTableViewCell.swift */,
			);
			path = Cell;
			sourceTree = "<group>";
		};
		B59C0FF421E9574100746F32 /* StackView */ = {
			isa = PBXGroup;
			children = (
				B59C0FF521E9577D00746F32 /* StackViewSubview.swift */,
			);
			path = StackView;
			sourceTree = "<group>";
		};
		B5C136FB21DD055000B17888 /* RealmRoomObject */ = {
			isa = PBXGroup;
			children = (
				B5C136FC21DD056C00B17888 /* RealmRoomObjects.swift */,
			);
			path = RealmRoomObject;
			sourceTree = "<group>";
		};
		B5CFA4C421CBF95300982282 /* LogIn */ = {
			isa = PBXGroup;
			children = (
				B5CFA4C521CBF96300982282 /* LogIn.swift */,
			);
			path = LogIn;
			sourceTree = "<group>";
		};
		B5CFA4C721CBFA0C00982282 /* Repository */ = {
			isa = PBXGroup;
			children = (
				B5C136F921DCF89F00B17888 /* RealmRepository.swift */,
				B5CFA4C821CBFAA100982282 /* API.swift */,
			);
			path = Repository;
			sourceTree = "<group>";
		};
		B5CFA4CA21CBFAB800982282 /* ErrorHandling */ = {
			isa = PBXGroup;
			children = (
				B5CFA4CB21CBFACF00982282 /* DataWrapper.swift */,
				B5CFA4CC21CBFACF00982282 /* ErrorAlert.swift */,
				B5CFA4CD21CBFACF00982282 /* GeneralError.swift */,
			);
			path = ErrorHandling;
			sourceTree = "<group>";
		};
		B5DC874121DBAEED00FDA595 /* RoomObject */ = {
			isa = PBXGroup;
			children = (
				B5DC874221DBAF2400FDA595 /* RoomObject.swift */,
			);
			path = RoomObject;
			sourceTree = "<group>";
		};
		B5DC874421DBBA9800FDA595 /* TableRefresh */ = {
			isa = PBXGroup;
			children = (
				B5DC874521DBBACB00FDA595 /* TableRefreshView.swift */,
				B5DC874721DBBB0700FDA595 /* TableRefreshViewModel.swift */,
			);
			path = TableRefresh;
			sourceTree = "<group>";
		};
		B5DC874921DBBB1D00FDA595 /* Table */ = {
			isa = PBXGroup;
			children = (
				B5DC874A21DBBB6900FDA595 /* Models */,
				B5DC874421DBBA9800FDA595 /* TableRefresh */,
			);
			path = Table;
			sourceTree = "<group>";
		};
		B5DC874A21DBBB6900FDA595 /* Models */ = {
			isa = PBXGroup;
			children = (
				B5DC874B21DBBB6900FDA595 /* TableSectionItem.swift */,
				B5DC874C21DBBB6900FDA595 /* TableItem.swift */,
				B5DC874D21DBBB6900FDA595 /* TableRefresh.swift */,
			);
			path = Models;
			sourceTree = "<group>";
		};
		B5DC875121DBBC1100FDA595 /* Loader */ = {
			isa = PBXGroup;
			children = (
				B5DC875221DBBC1100FDA595 /* LoaderOverlayView.swift */,
				B5DC875321DBBC1100FDA595 /* SpinnerView.swift */,
				B5DC875421DBBC1100FDA595 /* LoaderHUD.swift */,
				B5DC875521DBBC1100FDA595 /* LoaderViewProtocol.swift */,
				B5DC875621DBBC1100FDA595 /* LoaderViewModel.swift */,
			);
			path = Loader;
			sourceTree = "<group>";
		};
		B5DC875C21DBBC2B00FDA595 /* ErrorAlertController */ = {
			isa = PBXGroup;
			children = (
				B5DC875D21DBBC2B00FDA595 /* ErrorAlertController.swift */,
			);
			path = ErrorAlertController;
			sourceTree = "<group>";
		};
		B5DC875F21DBBE7D00FDA595 /* Cell */ = {
			isa = PBXGroup;
			children = (
				B5DC876021DBBEAC00FDA595 /* GroupTableViewCell.swift */,
			);
			path = Cell;
			sourceTree = "<group>";
		};
		B5DDA50821E13B4F00323A6E /* ChatScreen */ = {
			isa = PBXGroup;
			children = (
				B5DDA50B21E13B8000323A6E /* Coordinator */,
				B5DDA50A21E13B7A00323A6E /* ViewModel */,
				B5DDA50921E13B6D00323A6E /* UI */,
			);
			path = ChatScreen;
			sourceTree = "<group>";
		};
		B5DDA50921E13B6D00323A6E /* UI */ = {
			isa = PBXGroup;
			children = (
				B580BB8321E656FB00F6848E /* KeyboardView */,
				B580BB8221E656E900F6848E /* Cell */,
				B5DDA51021E13BF100323A6E /* ChatCollectionViewController.swift */,
			);
			path = UI;
			sourceTree = "<group>";
		};
		B5DDA50A21E13B7A00323A6E /* ViewModel */ = {
			isa = PBXGroup;
			children = (
				B5DDA50E21E13BCD00323A6E /* ChatViewModel.swift */,
			);
			path = ViewModel;
			sourceTree = "<group>";
		};
		B5DDA50B21E13B8000323A6E /* Coordinator */ = {
			isa = PBXGroup;
			children = (
				B5DDA50C21E13BA500323A6E /* ChatCoordinator.swift */,
				B580BB8621E68EB800F6848E /* ChatCoordinatorDelegate.swift */,
			);
			path = Coordinator;
			sourceTree = "<group>";
		};
		B63576D7816A41B71314F85A /* Pods */ = {
			isa = PBXGroup;
			children = (
				70CA1865C5D0A93DD8C1F926 /* Pods-AZRPv2.debug.xcconfig */,
				057C08913D65E196BF09C2AF /* Pods-AZRPv2.release.xcconfig */,
			);
			name = Pods;
			sourceTree = "<group>";
		};
/* End PBXGroup section */

/* Begin PBXNativeTarget section */
		B549B73B21CBF2BF00629B2E /* AZRPv2 */ = {
			isa = PBXNativeTarget;
			buildConfigurationList = B549B75121CBF2C000629B2E /* Build configuration list for PBXNativeTarget "AZRPv2" */;
			buildPhases = (
				07573B3271403623FE8909BB /* [CP] Check Pods Manifest.lock */,
				B549B73821CBF2BF00629B2E /* Sources */,
				B549B73921CBF2BF00629B2E /* Frameworks */,
				B549B73A21CBF2BF00629B2E /* Resources */,
				CA536960F506EF6C7BFC50B8 /* [CP] Embed Pods Frameworks */,
			);
			buildRules = (
			);
			dependencies = (
			);
			name = AZRPv2;
			productName = AZRPv2;
			productReference = B549B73C21CBF2BF00629B2E /* AZRPv2.app */;
			productType = "com.apple.product-type.application";
		};
/* End PBXNativeTarget section */

/* Begin PBXProject section */
		B549B73421CBF2BE00629B2E /* Project object */ = {
			isa = PBXProject;
			attributes = {
				LastSwiftUpdateCheck = 1010;
				LastUpgradeCheck = 1010;
				ORGANIZATIONNAME = "Mateo Doslic";
				TargetAttributes = {
					B549B73B21CBF2BF00629B2E = {
						CreatedOnToolsVersion = 10.1;
					};
				};
			};
			buildConfigurationList = B549B73721CBF2BE00629B2E /* Build configuration list for PBXProject "AZRPv2" */;
			compatibilityVersion = "Xcode 9.3";
			developmentRegion = en;
			hasScannedForEncodings = 0;
			knownRegions = (
				en,
				Base,
			);
			mainGroup = B549B73321CBF2BE00629B2E;
			productRefGroup = B549B73D21CBF2BF00629B2E /* Products */;
			projectDirPath = "";
			projectRoot = "";
			targets = (
				B549B73B21CBF2BF00629B2E /* AZRPv2 */,
			);
		};
/* End PBXProject section */

/* Begin PBXResourcesBuildPhase section */
		B549B73A21CBF2BF00629B2E /* Resources */ = {
			isa = PBXResourcesBuildPhase;
			buildActionMask = 2147483647;
			files = (
				B549B77721CBF42A00629B2E /* Localizable.strings in Resources */,
				B549B74D21CBF2C000629B2E /* LaunchScreen.storyboard in Resources */,
				B549B74A21CBF2C000629B2E /* Assets.xcassets in Resources */,
			);
			runOnlyForDeploymentPostprocessing = 0;
		};
/* End PBXResourcesBuildPhase section */

/* Begin PBXShellScriptBuildPhase section */
		07573B3271403623FE8909BB /* [CP] Check Pods Manifest.lock */ = {
			isa = PBXShellScriptBuildPhase;
			buildActionMask = 2147483647;
			files = (
			);
			inputPaths = (
				"${PODS_PODFILE_DIR_PATH}/Podfile.lock",
				"${PODS_ROOT}/Manifest.lock",
			);
			name = "[CP] Check Pods Manifest.lock";
			outputPaths = (
				"$(DERIVED_FILE_DIR)/Pods-AZRPv2-checkManifestLockResult.txt",
			);
			runOnlyForDeploymentPostprocessing = 0;
			shellPath = /bin/sh;
			shellScript = "diff \"${PODS_PODFILE_DIR_PATH}/Podfile.lock\" \"${PODS_ROOT}/Manifest.lock\" > /dev/null\nif [ $? != 0 ] ; then\n    # print error to STDERR\n    echo \"error: The sandbox is not in sync with the Podfile.lock. Run 'pod install' or update your CocoaPods installation.\" >&2\n    exit 1\nfi\n# This output is used by Xcode 'outputs' to avoid re-running this script phase.\necho \"SUCCESS\" > \"${SCRIPT_OUTPUT_FILE_0}\"\n";
			showEnvVarsInLog = 0;
		};
		CA536960F506EF6C7BFC50B8 /* [CP] Embed Pods Frameworks */ = {
			isa = PBXShellScriptBuildPhase;
			buildActionMask = 2147483647;
			files = (
			);
			inputPaths = (
				"${SRCROOT}/Pods/Target Support Files/Pods-AZRPv2/Pods-AZRPv2-frameworks.sh",
				"${BUILT_PRODUCTS_DIR}/Alamofire/Alamofire.framework",
				"${BUILT_PRODUCTS_DIR}/BlocksKit/BlocksKit.framework",
				"${BUILT_PRODUCTS_DIR}/Emitter/Emitter.framework",
				"${BUILT_PRODUCTS_DIR}/IQKeyboardManager/IQKeyboardManager.framework",
				"${BUILT_PRODUCTS_DIR}/Kingfisher/Kingfisher.framework",
				"${BUILT_PRODUCTS_DIR}/Realm/Realm.framework",
				"${BUILT_PRODUCTS_DIR}/RealmSwift/RealmSwift.framework",
				"${BUILT_PRODUCTS_DIR}/RxAlamofire/RxAlamofire.framework",
				"${BUILT_PRODUCTS_DIR}/RxAtomic/RxAtomic.framework",
				"${BUILT_PRODUCTS_DIR}/RxCocoa/RxCocoa.framework",
				"${BUILT_PRODUCTS_DIR}/RxSwift/RxSwift.framework",
				"${BUILT_PRODUCTS_DIR}/Socket.IO-Client-Swift/SocketIO.framework",
				"${BUILT_PRODUCTS_DIR}/SocketIO/SocketIO.framework",
				"${BUILT_PRODUCTS_DIR}/Starscream/Starscream.framework",
			);
			name = "[CP] Embed Pods Frameworks";
			outputPaths = (
				"${TARGET_BUILD_DIR}/${FRAMEWORKS_FOLDER_PATH}/Alamofire.framework",
				"${TARGET_BUILD_DIR}/${FRAMEWORKS_FOLDER_PATH}/BlocksKit.framework",
				"${TARGET_BUILD_DIR}/${FRAMEWORKS_FOLDER_PATH}/Emitter.framework",
				"${TARGET_BUILD_DIR}/${FRAMEWORKS_FOLDER_PATH}/IQKeyboardManager.framework",
				"${TARGET_BUILD_DIR}/${FRAMEWORKS_FOLDER_PATH}/Kingfisher.framework",
				"${TARGET_BUILD_DIR}/${FRAMEWORKS_FOLDER_PATH}/Realm.framework",
				"${TARGET_BUILD_DIR}/${FRAMEWORKS_FOLDER_PATH}/RealmSwift.framework",
				"${TARGET_BUILD_DIR}/${FRAMEWORKS_FOLDER_PATH}/RxAlamofire.framework",
				"${TARGET_BUILD_DIR}/${FRAMEWORKS_FOLDER_PATH}/RxAtomic.framework",
				"${TARGET_BUILD_DIR}/${FRAMEWORKS_FOLDER_PATH}/RxCocoa.framework",
				"${TARGET_BUILD_DIR}/${FRAMEWORKS_FOLDER_PATH}/RxSwift.framework",
				"${TARGET_BUILD_DIR}/${FRAMEWORKS_FOLDER_PATH}/SocketIO.framework",
				"${TARGET_BUILD_DIR}/${FRAMEWORKS_FOLDER_PATH}/Starscream.framework",
			);
			runOnlyForDeploymentPostprocessing = 0;
			shellPath = /bin/sh;
			shellScript = "\"${SRCROOT}/Pods/Target Support Files/Pods-AZRPv2/Pods-AZRPv2-frameworks.sh\"\n";
			showEnvVarsInLog = 0;
		};
/* End PBXShellScriptBuildPhase section */

/* Begin PBXSourcesBuildPhase section */
		B549B73821CBF2BF00629B2E /* Sources */ = {
			isa = PBXSourcesBuildPhase;
			buildActionMask = 2147483647;
			files = (
				B5DC876121DBBEAC00FDA595 /* GroupTableViewCell.swift in Sources */,
				B549B74821CBF2BF00629B2E /* AZRPv2.xcdatamodeld in Sources */,
				B5CFA4C921CBFAA100982282 /* API.swift in Sources */,
				B563327621DA8697000D0146 /* HomeCoordinatorDelegate.swift in Sources */,
				B5DDA51321E13F0800323A6E /* ChatCollectionViewCell.swift in Sources */,
				B549B76821CBF41F00629B2E /* HomeViewModel.swift in Sources */,
				B5313A7621CBF6310059DC66 /* Coordinator.swift in Sources */,
				B59C0FF021E928FF00746F32 /* NewRoomViewModel.swift in Sources */,
				B5313A7721CBF6310059DC66 /* CoordinatorDelegate.swift in Sources */,
				B5313A7C21CBF6440059DC66 /* String+Extensions.swift in Sources */,
				B549B76021CBF41800629B2E /* NetworkError.swift in Sources */,
				B510037D21DCEC900078230E /* WebSocket.swift in Sources */,
				B549B75D21CBF41800629B2E /* RestEndpoints.swift in Sources */,
				B5DDA50721E0F34900323A6E /* HomeViewModel Extension.swift in Sources */,
				B554458121D8DFFD006348B1 /* LoginViewModel.swift in Sources */,
				B5CFA4C621CBF96300982282 /* LogIn.swift in Sources */,
				B5313A7B21CBF6440059DC66 /* UIView+Extensions.swift in Sources */,
				B5DC875021DBBB6900FDA595 /* TableRefresh.swift in Sources */,
				B580BB8721E68EB800F6848E /* ChatCoordinatorDelegate.swift in Sources */,
				B5DC875E21DBBC2B00FDA595 /* ErrorAlertController.swift in Sources */,
				B549B77621CBF42A00629B2E /* Theme.swift in Sources */,
				B5C136FD21DD056C00B17888 /* RealmRoomObjects.swift in Sources */,
				B5DC874821DBBB0700FDA595 /* TableRefreshViewModel.swift in Sources */,
				B5DC874321DBAF2400FDA595 /* RoomObject.swift in Sources */,
				B549B77921CBF48400629B2E /* AppCoordinator.swift in Sources */,
				B5CFA4D021CBFAD000982282 /* GeneralError.swift in Sources */,
				B5DC875A21DBBC1100FDA595 /* LoaderViewProtocol.swift in Sources */,
				B5CFA4CF21CBFAD000982282 /* ErrorAlert.swift in Sources */,
				B549B75F21CBF41800629B2E /* RestManager.swift in Sources */,
				B5C136FA21DCF89F00B17888 /* RealmRepository.swift in Sources */,
				B59C0FE621E91FD500746F32 /* UIColor + Extensions.swift in Sources */,
				B5DC874621DBBACB00FDA595 /* TableRefreshView.swift in Sources */,
				B563327421DA27B9000D0146 /* NSAttributedString+Extensions.swift in Sources */,
				B549B75621CBF3F500629B2E /* SerializationManager.swift in Sources */,
				B5DC876521DBCA8D00FDA595 /* Double + extensions.swift in Sources */,
				B5DC874F21DBBB6900FDA595 /* TableItem.swift in Sources */,
				B580BB8521E6571800F6848E /* KeyboardView.swift in Sources */,
				B554458921D9220E006348B1 /* RegisterViewModel.swift in Sources */,
				B563327C21DA95B2000D0146 /* Message.swift in Sources */,
				B554458521D8E219006348B1 /* UITextField + Extensions.swift in Sources */,
				B554457D21D8DFBF006348B1 /* LoginCoordinator.swift in Sources */,
				B59C0FE921E926CB00746F32 /* NewRoom.swift in Sources */,
				B563327821DA8716000D0146 /* LoginCoordinatorDelegate.swift in Sources */,
				B5CFA4CE21CBFAD000982282 /* DataWrapper.swift in Sources */,
				B510037A21DCE8F70078230E /* WebSocketAdress.swift in Sources */,
				B5DC874E21DBBB6900FDA595 /* TableSectionItem.swift in Sources */,
				B59C0FF321E94E7400746F32 /* UserTableViewCell.swift in Sources */,
				B5DDA51121E13BF100323A6E /* ChatCollectionViewController.swift in Sources */,
				B554458721D921FE006348B1 /* RegisterView.swift in Sources */,
				B5DC875721DBBC1100FDA595 /* LoaderOverlayView.swift in Sources */,
				B549B75E21CBF41800629B2E /* BaseRepositoryProtocol.swift in Sources */,
				B5DC875B21DBBC1100FDA595 /* LoaderViewModel.swift in Sources */,
				B5DDA50D21E13BA500323A6E /* ChatCoordinator.swift in Sources */,
				B51E5E1221CCEE0E0068B642 /* SendMessageRequest.swift in Sources */,
				B554458321D8E135006348B1 /* LoginView.swift in Sources */,
				B5DC876321DBC35200FDA595 /* HomeViewController.swift in Sources */,
				B549B77521CBF42A00629B2E /* Style+Extensions.swift in Sources */,
				B5DDA50F21E13BCD00323A6E /* ChatViewModel.swift in Sources */,
				B549B74021CBF2BF00629B2E /* AppDelegate.swift in Sources */,
				B563327A21DA8B7E000D0146 /* WelcomeViewModel.swift in Sources */,
				B5DC875921DBBC1100FDA595 /* LoaderHUD.swift in Sources */,
				B59C0FF621E9577D00746F32 /* StackViewSubview.swift in Sources */,
				B549B76A21CBF41F00629B2E /* HomeCoordinator.swift in Sources */,
				B59C0FEE21E9281E00746F32 /* NewRoomViewController.swift in Sources */,
				B554457F21D8DFEF006348B1 /* WelcomeViewController.swift in Sources */,
				B5DC875821DBBC1100FDA595 /* SpinnerView.swift in Sources */,
				B51E5E0F21CCDB4F0068B642 /* Users.swift in Sources */,
			);
			runOnlyForDeploymentPostprocessing = 0;
		};
/* End PBXSourcesBuildPhase section */

/* Begin PBXVariantGroup section */
		B549B74B21CBF2C000629B2E /* LaunchScreen.storyboard */ = {
			isa = PBXVariantGroup;
			children = (
				B549B74C21CBF2C000629B2E /* Base */,
			);
			name = LaunchScreen.storyboard;
			sourceTree = "<group>";
		};
		B549B77221CBF42A00629B2E /* Localizable.strings */ = {
			isa = PBXVariantGroup;
			children = (
				B549B77321CBF42A00629B2E /* en */,
			);
			name = Localizable.strings;
			sourceTree = "<group>";
		};
/* End PBXVariantGroup section */

/* Begin XCBuildConfiguration section */
		B549B74F21CBF2C000629B2E /* Debug */ = {
			isa = XCBuildConfiguration;
			buildSettings = {
				ALWAYS_SEARCH_USER_PATHS = NO;
				CLANG_ANALYZER_NONNULL = YES;
				CLANG_ANALYZER_NUMBER_OBJECT_CONVERSION = YES_AGGRESSIVE;
				CLANG_CXX_LANGUAGE_STANDARD = "gnu++14";
				CLANG_CXX_LIBRARY = "libc++";
				CLANG_ENABLE_MODULES = YES;
				CLANG_ENABLE_OBJC_ARC = YES;
				CLANG_ENABLE_OBJC_WEAK = YES;
				CLANG_WARN_BLOCK_CAPTURE_AUTORELEASING = YES;
				CLANG_WARN_BOOL_CONVERSION = YES;
				CLANG_WARN_COMMA = YES;
				CLANG_WARN_CONSTANT_CONVERSION = YES;
				CLANG_WARN_DEPRECATED_OBJC_IMPLEMENTATIONS = YES;
				CLANG_WARN_DIRECT_OBJC_ISA_USAGE = YES_ERROR;
				CLANG_WARN_DOCUMENTATION_COMMENTS = YES;
				CLANG_WARN_EMPTY_BODY = YES;
				CLANG_WARN_ENUM_CONVERSION = YES;
				CLANG_WARN_INFINITE_RECURSION = YES;
				CLANG_WARN_INT_CONVERSION = YES;
				CLANG_WARN_NON_LITERAL_NULL_CONVERSION = YES;
				CLANG_WARN_OBJC_IMPLICIT_RETAIN_SELF = YES;
				CLANG_WARN_OBJC_LITERAL_CONVERSION = YES;
				CLANG_WARN_OBJC_ROOT_CLASS = YES_ERROR;
				CLANG_WARN_RANGE_LOOP_ANALYSIS = YES;
				CLANG_WARN_STRICT_PROTOTYPES = YES;
				CLANG_WARN_SUSPICIOUS_MOVE = YES;
				CLANG_WARN_UNGUARDED_AVAILABILITY = YES_AGGRESSIVE;
				CLANG_WARN_UNREACHABLE_CODE = YES;
				CLANG_WARN__DUPLICATE_METHOD_MATCH = YES;
				CODE_SIGN_IDENTITY = "iPhone Developer";
				COPY_PHASE_STRIP = NO;
				DEBUG_INFORMATION_FORMAT = dwarf;
				ENABLE_STRICT_OBJC_MSGSEND = YES;
				ENABLE_TESTABILITY = YES;
				GCC_C_LANGUAGE_STANDARD = gnu11;
				GCC_DYNAMIC_NO_PIC = NO;
				GCC_NO_COMMON_BLOCKS = YES;
				GCC_OPTIMIZATION_LEVEL = 0;
				GCC_PREPROCESSOR_DEFINITIONS = (
					"DEBUG=1",
					"$(inherited)",
				);
				GCC_WARN_64_TO_32_BIT_CONVERSION = YES;
				GCC_WARN_ABOUT_RETURN_TYPE = YES_ERROR;
				GCC_WARN_UNDECLARED_SELECTOR = YES;
				GCC_WARN_UNINITIALIZED_AUTOS = YES_AGGRESSIVE;
				GCC_WARN_UNUSED_FUNCTION = YES;
				GCC_WARN_UNUSED_VARIABLE = YES;
				IPHONEOS_DEPLOYMENT_TARGET = 12.1;
				MTL_ENABLE_DEBUG_INFO = INCLUDE_SOURCE;
				MTL_FAST_MATH = YES;
				ONLY_ACTIVE_ARCH = YES;
				SDKROOT = iphoneos;
				SWIFT_ACTIVE_COMPILATION_CONDITIONS = DEBUG;
				SWIFT_OPTIMIZATION_LEVEL = "-Onone";
			};
			name = Debug;
		};
		B549B75021CBF2C000629B2E /* Release */ = {
			isa = XCBuildConfiguration;
			buildSettings = {
				ALWAYS_SEARCH_USER_PATHS = NO;
				CLANG_ANALYZER_NONNULL = YES;
				CLANG_ANALYZER_NUMBER_OBJECT_CONVERSION = YES_AGGRESSIVE;
				CLANG_CXX_LANGUAGE_STANDARD = "gnu++14";
				CLANG_CXX_LIBRARY = "libc++";
				CLANG_ENABLE_MODULES = YES;
				CLANG_ENABLE_OBJC_ARC = YES;
				CLANG_ENABLE_OBJC_WEAK = YES;
				CLANG_WARN_BLOCK_CAPTURE_AUTORELEASING = YES;
				CLANG_WARN_BOOL_CONVERSION = YES;
				CLANG_WARN_COMMA = YES;
				CLANG_WARN_CONSTANT_CONVERSION = YES;
				CLANG_WARN_DEPRECATED_OBJC_IMPLEMENTATIONS = YES;
				CLANG_WARN_DIRECT_OBJC_ISA_USAGE = YES_ERROR;
				CLANG_WARN_DOCUMENTATION_COMMENTS = YES;
				CLANG_WARN_EMPTY_BODY = YES;
				CLANG_WARN_ENUM_CONVERSION = YES;
				CLANG_WARN_INFINITE_RECURSION = YES;
				CLANG_WARN_INT_CONVERSION = YES;
				CLANG_WARN_NON_LITERAL_NULL_CONVERSION = YES;
				CLANG_WARN_OBJC_IMPLICIT_RETAIN_SELF = YES;
				CLANG_WARN_OBJC_LITERAL_CONVERSION = YES;
				CLANG_WARN_OBJC_ROOT_CLASS = YES_ERROR;
				CLANG_WARN_RANGE_LOOP_ANALYSIS = YES;
				CLANG_WARN_STRICT_PROTOTYPES = YES;
				CLANG_WARN_SUSPICIOUS_MOVE = YES;
				CLANG_WARN_UNGUARDED_AVAILABILITY = YES_AGGRESSIVE;
				CLANG_WARN_UNREACHABLE_CODE = YES;
				CLANG_WARN__DUPLICATE_METHOD_MATCH = YES;
				CODE_SIGN_IDENTITY = "iPhone Developer";
				COPY_PHASE_STRIP = NO;
				DEBUG_INFORMATION_FORMAT = "dwarf-with-dsym";
				ENABLE_NS_ASSERTIONS = NO;
				ENABLE_STRICT_OBJC_MSGSEND = YES;
				GCC_C_LANGUAGE_STANDARD = gnu11;
				GCC_NO_COMMON_BLOCKS = YES;
				GCC_WARN_64_TO_32_BIT_CONVERSION = YES;
				GCC_WARN_ABOUT_RETURN_TYPE = YES_ERROR;
				GCC_WARN_UNDECLARED_SELECTOR = YES;
				GCC_WARN_UNINITIALIZED_AUTOS = YES_AGGRESSIVE;
				GCC_WARN_UNUSED_FUNCTION = YES;
				GCC_WARN_UNUSED_VARIABLE = YES;
				IPHONEOS_DEPLOYMENT_TARGET = 12.1;
				MTL_ENABLE_DEBUG_INFO = NO;
				MTL_FAST_MATH = YES;
				SDKROOT = iphoneos;
				SWIFT_COMPILATION_MODE = wholemodule;
				SWIFT_OPTIMIZATION_LEVEL = "-O";
				VALIDATE_PRODUCT = YES;
			};
			name = Release;
		};
		B549B75221CBF2C000629B2E /* Debug */ = {
			isa = XCBuildConfiguration;
			baseConfigurationReference = 70CA1865C5D0A93DD8C1F926 /* Pods-AZRPv2.debug.xcconfig */;
			buildSettings = {
				ASSETCATALOG_COMPILER_APPICON_NAME = AppIcon;
				CODE_SIGN_STYLE = Automatic;
				DEVELOPMENT_TEAM = Z29U9TK6XW;
				INFOPLIST_FILE = AZRPv2/Info.plist;
				IPHONEOS_DEPLOYMENT_TARGET = 11.0;
				LD_RUNPATH_SEARCH_PATHS = (
					"$(inherited)",
					"@executable_path/Frameworks",
				);
				PRODUCT_BUNDLE_IDENTIFIER = i.AZRPv2;
				PRODUCT_NAME = "$(TARGET_NAME)";
				SWIFT_VERSION = 4.2;
				TARGETED_DEVICE_FAMILY = "1,2";
			};
			name = Debug;
		};
		B549B75321CBF2C000629B2E /* Release */ = {
			isa = XCBuildConfiguration;
			baseConfigurationReference = 057C08913D65E196BF09C2AF /* Pods-AZRPv2.release.xcconfig */;
			buildSettings = {
				ASSETCATALOG_COMPILER_APPICON_NAME = AppIcon;
				CODE_SIGN_STYLE = Automatic;
				DEVELOPMENT_TEAM = Z29U9TK6XW;
				INFOPLIST_FILE = AZRPv2/Info.plist;
				IPHONEOS_DEPLOYMENT_TARGET = 11.0;
				LD_RUNPATH_SEARCH_PATHS = (
					"$(inherited)",
					"@executable_path/Frameworks",
				);
				PRODUCT_BUNDLE_IDENTIFIER = i.AZRPv2;
				PRODUCT_NAME = "$(TARGET_NAME)";
				SWIFT_VERSION = 4.2;
				TARGETED_DEVICE_FAMILY = "1,2";
			};
			name = Release;
		};
/* End XCBuildConfiguration section */

/* Begin XCConfigurationList section */
		B549B73721CBF2BE00629B2E /* Build configuration list for PBXProject "AZRPv2" */ = {
			isa = XCConfigurationList;
			buildConfigurations = (
				B549B74F21CBF2C000629B2E /* Debug */,
				B549B75021CBF2C000629B2E /* Release */,
			);
			defaultConfigurationIsVisible = 0;
			defaultConfigurationName = Release;
		};
		B549B75121CBF2C000629B2E /* Build configuration list for PBXNativeTarget "AZRPv2" */ = {
			isa = XCConfigurationList;
			buildConfigurations = (
				B549B75221CBF2C000629B2E /* Debug */,
				B549B75321CBF2C000629B2E /* Release */,
			);
			defaultConfigurationIsVisible = 0;
			defaultConfigurationName = Release;
		};
/* End XCConfigurationList section */

/* Begin XCVersionGroup section */
		B549B74621CBF2BF00629B2E /* AZRPv2.xcdatamodeld */ = {
			isa = XCVersionGroup;
			children = (
				B549B74721CBF2BF00629B2E /* AZRPv2.xcdatamodel */,
			);
			currentVersion = B549B74721CBF2BF00629B2E /* AZRPv2.xcdatamodel */;
			path = AZRPv2.xcdatamodeld;
			sourceTree = "<group>";
			versionGroupType = wrapper.xcdatamodel;
		};
/* End XCVersionGroup section */
	};
	rootObject = B549B73421CBF2BE00629B2E /* Project object */;
}
